// !$*UTF8*$!
{
	archiveVersion = 1;
	classes = {
	};
	objectVersion = 55;
	objects = {

/* Begin PBXBuildFile section */
		1C68CA85287AA886002088A4 /* NewTweetView.swift in Sources */ = {isa = PBXBuildFile; fileRef = 1C68CA84287AA886002088A4 /* NewTweetView.swift */; };
		1C68CA87287AA985002088A4 /* TextArea.swift in Sources */ = {isa = PBXBuildFile; fileRef = 1C68CA86287AA985002088A4 /* TextArea.swift */; };
		1C68CA8C287AABFE002088A4 /* LoginView.swift in Sources */ = {isa = PBXBuildFile; fileRef = 1C68CA8B287AABFE002088A4 /* LoginView.swift */; };
		1C68CA8E287AAC08002088A4 /* RegistrationView.swift in Sources */ = {isa = PBXBuildFile; fileRef = 1C68CA8D287AAC08002088A4 /* RegistrationView.swift */; };
		1C9031CF287AAD3C0038AEB9 /* RoundedShape.swift in Sources */ = {isa = PBXBuildFile; fileRef = 1C9031CE287AAD3C0038AEB9 /* RoundedShape.swift */; };
		1C9031D1287AB1500038AEB9 /* CustomInputField.swift in Sources */ = {isa = PBXBuildFile; fileRef = 1C9031D0287AB1500038AEB9 /* CustomInputField.swift */; };
		1C9031D4287AB2D50038AEB9 /* AuthHeaderView.swift in Sources */ = {isa = PBXBuildFile; fileRef = 1C9031D3287AB2D50038AEB9 /* AuthHeaderView.swift */; };
		EFD4E55A2856B5DA00782F11 /* TwitterSwiftUIApp.swift in Sources */ = {isa = PBXBuildFile; fileRef = EFD4E5592856B5DA00782F11 /* TwitterSwiftUIApp.swift */; };
		EFD4E55C2856B5DA00782F11 /* ContentView.swift in Sources */ = {isa = PBXBuildFile; fileRef = EFD4E55B2856B5DA00782F11 /* ContentView.swift */; };
		EFD4E55E2856B5DC00782F11 /* Assets.xcassets in Resources */ = {isa = PBXBuildFile; fileRef = EFD4E55D2856B5DC00782F11 /* Assets.xcassets */; };
		EFD4E5612856B5DC00782F11 /* Preview Assets.xcassets in Resources */ = {isa = PBXBuildFile; fileRef = EFD4E5602856B5DC00782F11 /* Preview Assets.xcassets */; };
		EFD4E56B2856B5DC00782F11 /* TwitterSwiftUITests.swift in Sources */ = {isa = PBXBuildFile; fileRef = EFD4E56A2856B5DC00782F11 /* TwitterSwiftUITests.swift */; };
		EFD4E5752856B5DC00782F11 /* TwitterSwiftUIUITests.swift in Sources */ = {isa = PBXBuildFile; fileRef = EFD4E5742856B5DC00782F11 /* TwitterSwiftUIUITests.swift */; };
		EFD4E5772856B5DC00782F11 /* TwitterSwiftUIUITestsLaunchTests.swift in Sources */ = {isa = PBXBuildFile; fileRef = EFD4E5762856B5DC00782F11 /* TwitterSwiftUIUITestsLaunchTests.swift */; };
		EFD4E58C2856B69B00782F11 /* FeedView.swift in Sources */ = {isa = PBXBuildFile; fileRef = EFD4E58B2856B69B00782F11 /* FeedView.swift */; };
		EFD4E5912856B77D00782F11 /* TweetRowView.swift in Sources */ = {isa = PBXBuildFile; fileRef = EFD4E5902856B77D00782F11 /* TweetRowView.swift */; };
		EFD4E5942856BC8700782F11 /* MainTabView.swift in Sources */ = {isa = PBXBuildFile; fileRef = EFD4E5932856BC8700782F11 /* MainTabView.swift */; };
		EFD4E59C2856BE2400782F11 /* ExploreView.swift in Sources */ = {isa = PBXBuildFile; fileRef = EFD4E59B2856BE2400782F11 /* ExploreView.swift */; };
		EFD4E59E2856BE4200782F11 /* NotificationsView.swift in Sources */ = {isa = PBXBuildFile; fileRef = EFD4E59D2856BE4200782F11 /* NotificationsView.swift */; };
		EFD4E5A02856BE6400782F11 /* MessagesView.swift in Sources */ = {isa = PBXBuildFile; fileRef = EFD4E59F2856BE6400782F11 /* MessagesView.swift */; };
		EFD4E5A42858943100782F11 /* ProfileView.swift in Sources */ = {isa = PBXBuildFile; fileRef = EFD4E5A32858943100782F11 /* ProfileView.swift */; };
		EFD4E5A628589B7500782F11 /* TweetFilterViewModel.swift in Sources */ = {isa = PBXBuildFile; fileRef = EFD4E5A528589B7500782F11 /* TweetFilterViewModel.swift */; };
		EFD4E5AB285C4BB500782F11 /* UserRowView.swift in Sources */ = {isa = PBXBuildFile; fileRef = EFD4E5AA285C4BB500782F11 /* UserRowView.swift */; };
		EFD4E5B0285C4EED00782F11 /* SideMenuView.swift in Sources */ = {isa = PBXBuildFile; fileRef = EFD4E5AF285C4EED00782F11 /* SideMenuView.swift */; };
		EFD4E5B4285C4F0600782F11 /* SideMenuViewModel.swift in Sources */ = {isa = PBXBuildFile; fileRef = EFD4E5B3285C4F0600782F11 /* SideMenuViewModel.swift */; };
		EFD4E5B6285C511D00782F11 /* UserStatsView.swift in Sources */ = {isa = PBXBuildFile; fileRef = EFD4E5B5285C511D00782F11 /* UserStatsView.swift */; };
		EFD4E5B8285C5AB300782F11 /* SideMenuOptionRowView.swift in Sources */ = {isa = PBXBuildFile; fileRef = EFD4E5B7285C5AB300782F11 /* SideMenuOptionRowView.swift */; };
/* End PBXBuildFile section */

/* Begin PBXContainerItemProxy section */
		EFD4E5672856B5DC00782F11 /* PBXContainerItemProxy */ = {
			isa = PBXContainerItemProxy;
			containerPortal = EFD4E54E2856B5DA00782F11 /* Project object */;
			proxyType = 1;
			remoteGlobalIDString = EFD4E5552856B5DA00782F11;
			remoteInfo = TwitterSwiftUI;
		};
		EFD4E5712856B5DC00782F11 /* PBXContainerItemProxy */ = {
			isa = PBXContainerItemProxy;
			containerPortal = EFD4E54E2856B5DA00782F11 /* Project object */;
			proxyType = 1;
			remoteGlobalIDString = EFD4E5552856B5DA00782F11;
			remoteInfo = TwitterSwiftUI;
		};
/* End PBXContainerItemProxy section */

/* Begin PBXFileReference section */
		1C68CA84287AA886002088A4 /* NewTweetView.swift */ = {isa = PBXFileReference; lastKnownFileType = sourcecode.swift; path = NewTweetView.swift; sourceTree = "<group>"; };
		1C68CA86287AA985002088A4 /* TextArea.swift */ = {isa = PBXFileReference; lastKnownFileType = sourcecode.swift; path = TextArea.swift; sourceTree = "<group>"; };
		1C68CA8B287AABFE002088A4 /* LoginView.swift */ = {isa = PBXFileReference; lastKnownFileType = sourcecode.swift; path = LoginView.swift; sourceTree = "<group>"; };
		1C68CA8D287AAC08002088A4 /* RegistrationView.swift */ = {isa = PBXFileReference; lastKnownFileType = sourcecode.swift; path = RegistrationView.swift; sourceTree = "<group>"; };
		1C9031CE287AAD3C0038AEB9 /* RoundedShape.swift */ = {isa = PBXFileReference; lastKnownFileType = sourcecode.swift; path = RoundedShape.swift; sourceTree = "<group>"; };
		1C9031D0287AB1500038AEB9 /* CustomInputField.swift */ = {isa = PBXFileReference; lastKnownFileType = sourcecode.swift; path = CustomInputField.swift; sourceTree = "<group>"; };
		1C9031D3287AB2D50038AEB9 /* AuthHeaderView.swift */ = {isa = PBXFileReference; lastKnownFileType = sourcecode.swift; path = AuthHeaderView.swift; sourceTree = "<group>"; };
		EFD4E5562856B5DA00782F11 /* TwitterSwiftUI.app */ = {isa = PBXFileReference; explicitFileType = wrapper.application; includeInIndex = 0; path = TwitterSwiftUI.app; sourceTree = BUILT_PRODUCTS_DIR; };
		EFD4E5592856B5DA00782F11 /* TwitterSwiftUIApp.swift */ = {isa = PBXFileReference; lastKnownFileType = sourcecode.swift; path = TwitterSwiftUIApp.swift; sourceTree = "<group>"; };
		EFD4E55B2856B5DA00782F11 /* ContentView.swift */ = {isa = PBXFileReference; lastKnownFileType = sourcecode.swift; path = ContentView.swift; sourceTree = "<group>"; };
		EFD4E55D2856B5DC00782F11 /* Assets.xcassets */ = {isa = PBXFileReference; lastKnownFileType = folder.assetcatalog; path = Assets.xcassets; sourceTree = "<group>"; };
		EFD4E5602856B5DC00782F11 /* Preview Assets.xcassets */ = {isa = PBXFileReference; lastKnownFileType = folder.assetcatalog; path = "Preview Assets.xcassets"; sourceTree = "<group>"; };
		EFD4E5662856B5DC00782F11 /* TwitterSwiftUITests.xctest */ = {isa = PBXFileReference; explicitFileType = wrapper.cfbundle; includeInIndex = 0; path = TwitterSwiftUITests.xctest; sourceTree = BUILT_PRODUCTS_DIR; };
		EFD4E56A2856B5DC00782F11 /* TwitterSwiftUITests.swift */ = {isa = PBXFileReference; lastKnownFileType = sourcecode.swift; path = TwitterSwiftUITests.swift; sourceTree = "<group>"; };
		EFD4E5702856B5DC00782F11 /* TwitterSwiftUIUITests.xctest */ = {isa = PBXFileReference; explicitFileType = wrapper.cfbundle; includeInIndex = 0; path = TwitterSwiftUIUITests.xctest; sourceTree = BUILT_PRODUCTS_DIR; };
		EFD4E5742856B5DC00782F11 /* TwitterSwiftUIUITests.swift */ = {isa = PBXFileReference; lastKnownFileType = sourcecode.swift; path = TwitterSwiftUIUITests.swift; sourceTree = "<group>"; };
		EFD4E5762856B5DC00782F11 /* TwitterSwiftUIUITestsLaunchTests.swift */ = {isa = PBXFileReference; lastKnownFileType = sourcecode.swift; path = TwitterSwiftUIUITestsLaunchTests.swift; sourceTree = "<group>"; };
		EFD4E58B2856B69B00782F11 /* FeedView.swift */ = {isa = PBXFileReference; lastKnownFileType = sourcecode.swift; path = FeedView.swift; sourceTree = "<group>"; };
		EFD4E5902856B77D00782F11 /* TweetRowView.swift */ = {isa = PBXFileReference; lastKnownFileType = sourcecode.swift; path = TweetRowView.swift; sourceTree = "<group>"; };
		EFD4E5932856BC8700782F11 /* MainTabView.swift */ = {isa = PBXFileReference; lastKnownFileType = sourcecode.swift; path = MainTabView.swift; sourceTree = "<group>"; };
		EFD4E59B2856BE2400782F11 /* ExploreView.swift */ = {isa = PBXFileReference; lastKnownFileType = sourcecode.swift; path = ExploreView.swift; sourceTree = "<group>"; };
		EFD4E59D2856BE4200782F11 /* NotificationsView.swift */ = {isa = PBXFileReference; lastKnownFileType = sourcecode.swift; path = NotificationsView.swift; sourceTree = "<group>"; };
		EFD4E59F2856BE6400782F11 /* MessagesView.swift */ = {isa = PBXFileReference; lastKnownFileType = sourcecode.swift; path = MessagesView.swift; sourceTree = "<group>"; };
		EFD4E5A32858943100782F11 /* ProfileView.swift */ = {isa = PBXFileReference; lastKnownFileType = sourcecode.swift; path = ProfileView.swift; sourceTree = "<group>"; };
		EFD4E5A528589B7500782F11 /* TweetFilterViewModel.swift */ = {isa = PBXFileReference; lastKnownFileType = sourcecode.swift; path = TweetFilterViewModel.swift; sourceTree = "<group>"; };
		EFD4E5AA285C4BB500782F11 /* UserRowView.swift */ = {isa = PBXFileReference; lastKnownFileType = sourcecode.swift; path = UserRowView.swift; sourceTree = "<group>"; };
		EFD4E5AF285C4EED00782F11 /* SideMenuView.swift */ = {isa = PBXFileReference; lastKnownFileType = sourcecode.swift; path = SideMenuView.swift; sourceTree = "<group>"; };
		EFD4E5B3285C4F0600782F11 /* SideMenuViewModel.swift */ = {isa = PBXFileReference; lastKnownFileType = sourcecode.swift; path = SideMenuViewModel.swift; sourceTree = "<group>"; };
		EFD4E5B5285C511D00782F11 /* UserStatsView.swift */ = {isa = PBXFileReference; lastKnownFileType = sourcecode.swift; path = UserStatsView.swift; sourceTree = "<group>"; };
		EFD4E5B7285C5AB300782F11 /* SideMenuOptionRowView.swift */ = {isa = PBXFileReference; lastKnownFileType = sourcecode.swift; path = SideMenuOptionRowView.swift; sourceTree = "<group>"; };
/* End PBXFileReference section */

/* Begin PBXFrameworksBuildPhase section */
		EFD4E5532856B5DA00782F11 /* Frameworks */ = {
			isa = PBXFrameworksBuildPhase;
			buildActionMask = 2147483647;
			files = (
			);
			runOnlyForDeploymentPostprocessing = 0;
		};
		EFD4E5632856B5DC00782F11 /* Frameworks */ = {
			isa = PBXFrameworksBuildPhase;
			buildActionMask = 2147483647;
			files = (
			);
			runOnlyForDeploymentPostprocessing = 0;
		};
		EFD4E56D2856B5DC00782F11 /* Frameworks */ = {
			isa = PBXFrameworksBuildPhase;
			buildActionMask = 2147483647;
			files = (
			);
			runOnlyForDeploymentPostprocessing = 0;
		};
/* End PBXFrameworksBuildPhase section */

/* Begin PBXGroup section */
		1C68CA81287AA868002088A4 /* UploadTweet */ = {
			isa = PBXGroup;
			children = (
				1C68CA83287AA874002088A4 /* ViewModels */,
				1C68CA82287AA871002088A4 /* Views */,
			);
			path = UploadTweet;
			sourceTree = "<group>";
		};
		1C68CA82287AA871002088A4 /* Views */ = {
			isa = PBXGroup;
			children = (
				1C68CA84287AA886002088A4 /* NewTweetView.swift */,
			);
			path = Views;
			sourceTree = "<group>";
		};
		1C68CA83287AA874002088A4 /* ViewModels */ = {
			isa = PBXGroup;
			children = (
			);
			path = ViewModels;
			sourceTree = "<group>";
		};
		1C68CA88287AABE5002088A4 /* Authentication */ = {
			isa = PBXGroup;
			children = (
				1C68CA8A287AABF1002088A4 /* Views */,
				1C68CA89287AABEA002088A4 /* ViewModel */,
			);
			path = Authentication;
			sourceTree = "<group>";
		};
		1C68CA89287AABEA002088A4 /* ViewModel */ = {
			isa = PBXGroup;
			children = (
			);
			path = ViewModel;
			sourceTree = "<group>";
		};
		1C68CA8A287AABF1002088A4 /* Views */ = {
			isa = PBXGroup;
			children = (
				1C68CA8B287AABFE002088A4 /* LoginView.swift */,
				1C68CA8D287AAC08002088A4 /* RegistrationView.swift */,
			);
			path = Views;
			sourceTree = "<group>";
		};
		1C9031D2287AB2C60038AEB9 /* Authentication */ = {
			isa = PBXGroup;
			children = (
				1C9031D3287AB2D50038AEB9 /* AuthHeaderView.swift */,
			);
			path = Authentication;
			sourceTree = "<group>";
		};
		EFD4E54D2856B5DA00782F11 = {
			isa = PBXGroup;
			children = (
				EFD4E5582856B5DA00782F11 /* TwitterSwiftUI */,
				EFD4E5692856B5DC00782F11 /* TwitterSwiftUITests */,
				EFD4E5732856B5DC00782F11 /* TwitterSwiftUIUITests */,
				EFD4E5572856B5DA00782F11 /* Products */,
			);
			sourceTree = "<group>";
		};
		EFD4E5572856B5DA00782F11 /* Products */ = {
			isa = PBXGroup;
			children = (
				EFD4E5562856B5DA00782F11 /* TwitterSwiftUI.app */,
				EFD4E5662856B5DC00782F11 /* TwitterSwiftUITests.xctest */,
				EFD4E5702856B5DC00782F11 /* TwitterSwiftUIUITests.xctest */,
			);
			name = Products;
			sourceTree = "<group>";
		};
		EFD4E5582856B5DA00782F11 /* TwitterSwiftUI */ = {
			isa = PBXGroup;
			children = (
				EFD4E5862856B62E00782F11 /* Core */,
				EFD4E5852856B62700782F11 /* Service */,
				EFD4E5842856B61F00782F11 /* Model */,
				EFD4E5832856B60200782F11 /* Extensions */,
				EFD4E5592856B5DA00782F11 /* TwitterSwiftUIApp.swift */,
				EFD4E55B2856B5DA00782F11 /* ContentView.swift */,
				EFD4E55D2856B5DC00782F11 /* Assets.xcassets */,
				EFD4E55F2856B5DC00782F11 /* Preview Content */,
			);
			path = TwitterSwiftUI;
			sourceTree = "<group>";
		};
		EFD4E55F2856B5DC00782F11 /* Preview Content */ = {
			isa = PBXGroup;
			children = (
				EFD4E5602856B5DC00782F11 /* Preview Assets.xcassets */,
			);
			path = "Preview Content";
			sourceTree = "<group>";
		};
		EFD4E5692856B5DC00782F11 /* TwitterSwiftUITests */ = {
			isa = PBXGroup;
			children = (
				EFD4E56A2856B5DC00782F11 /* TwitterSwiftUITests.swift */,
			);
			path = TwitterSwiftUITests;
			sourceTree = "<group>";
		};
		EFD4E5732856B5DC00782F11 /* TwitterSwiftUIUITests */ = {
			isa = PBXGroup;
			children = (
				EFD4E5742856B5DC00782F11 /* TwitterSwiftUIUITests.swift */,
				EFD4E5762856B5DC00782F11 /* TwitterSwiftUIUITestsLaunchTests.swift */,
			);
			path = TwitterSwiftUIUITests;
			sourceTree = "<group>";
		};
		EFD4E5832856B60200782F11 /* Extensions */ = {
			isa = PBXGroup;
			children = (
			);
			path = Extensions;
			sourceTree = "<group>";
		};
		EFD4E5842856B61F00782F11 /* Model */ = {
			isa = PBXGroup;
			children = (
			);
			path = Model;
			sourceTree = "<group>";
		};
		EFD4E5852856B62700782F11 /* Service */ = {
			isa = PBXGroup;
			children = (
			);
			path = Service;
			sourceTree = "<group>";
		};
		EFD4E5862856B62E00782F11 /* Core */ = {
			isa = PBXGroup;
			children = (
				1C68CA88287AABE5002088A4 /* Authentication */,
				1C68CA81287AA868002088A4 /* UploadTweet */,
				EFD4E5872856B63700782F11 /* Components */,
				EFD4E5AC285C4ECB00782F11 /* SideMenu */,
				EFD4E59A2856BE0800782F11 /* Profile */,
				EFD4E5992856BDC900782F11 /* Explore */,
				EFD4E5972856BDC400782F11 /* Notifications */,
				EFD4E5952856BDB500782F11 /* Messages */,
				EFD4E5922856BC6400782F11 /* MainTab */,
				EFD4E5882856B63D00782F11 /* Feed */,
			);
			path = Core;
			sourceTree = "<group>";
		};
		EFD4E5872856B63700782F11 /* Components */ = {
			isa = PBXGroup;
			children = (
				1C9031D2287AB2C60038AEB9 /* Authentication */,
				EFD4E5A9285C4BA500782F11 /* Users */,
				EFD4E58D2856B73700782F11 /* Tweets */,
				1C68CA86287AA985002088A4 /* TextArea.swift */,
				1C9031CE287AAD3C0038AEB9 /* RoundedShape.swift */,
				1C9031D0287AB1500038AEB9 /* CustomInputField.swift */,
			);
			path = Components;
			sourceTree = "<group>";
		};
		EFD4E5882856B63D00782F11 /* Feed */ = {
			isa = PBXGroup;
			children = (
				EFD4E58A2856B68200782F11 /* View */,
				EFD4E5892856B67B00782F11 /* ViewModels */,
			);
			path = Feed;
			sourceTree = "<group>";
		};
		EFD4E5892856B67B00782F11 /* ViewModels */ = {
			isa = PBXGroup;
			children = (
			);
			path = ViewModels;
			sourceTree = "<group>";
		};
		EFD4E58A2856B68200782F11 /* View */ = {
			isa = PBXGroup;
			children = (
				EFD4E58B2856B69B00782F11 /* FeedView.swift */,
			);
			path = View;
			sourceTree = "<group>";
		};
		EFD4E58D2856B73700782F11 /* Tweets */ = {
			isa = PBXGroup;
			children = (
				EFD4E5902856B77D00782F11 /* TweetRowView.swift */,
			);
			path = Tweets;
			sourceTree = "<group>";
		};
		EFD4E5922856BC6400782F11 /* MainTab */ = {
			isa = PBXGroup;
			children = (
				EFD4E5932856BC8700782F11 /* MainTabView.swift */,
			);
			path = MainTab;
			sourceTree = "<group>";
		};
		EFD4E5952856BDB500782F11 /* Messages */ = {
			isa = PBXGroup;
			children = (
				EFD4E59F2856BE6400782F11 /* MessagesView.swift */,
			);
			path = Messages;
			sourceTree = "<group>";
		};
		EFD4E5972856BDC400782F11 /* Notifications */ = {
			isa = PBXGroup;
			children = (
				EFD4E59D2856BE4200782F11 /* NotificationsView.swift */,
			);
			path = Notifications;
			sourceTree = "<group>";
		};
		EFD4E5992856BDC900782F11 /* Explore */ = {
			isa = PBXGroup;
			children = (
				EFD4E5A8285C4B8000782F11 /* ViewModels */,
				EFD4E5A7285C4B7B00782F11 /* Views */,
			);
			path = Explore;
			sourceTree = "<group>";
		};
		EFD4E59A2856BE0800782F11 /* Profile */ = {
			isa = PBXGroup;
			children = (
				EFD4E5A22858942700782F11 /* Views */,
				EFD4E5A12858941F00782F11 /* ViewModels */,
			);
			path = Profile;
			sourceTree = "<group>";
		};
		EFD4E5A12858941F00782F11 /* ViewModels */ = {
			isa = PBXGroup;
			children = (
				EFD4E5A528589B7500782F11 /* TweetFilterViewModel.swift */,
			);
			path = ViewModels;
			sourceTree = "<group>";
		};
		EFD4E5A22858942700782F11 /* Views */ = {
			isa = PBXGroup;
			children = (
				EFD4E5A32858943100782F11 /* ProfileView.swift */,
			);
			path = Views;
			sourceTree = "<group>";
		};
		EFD4E5A7285C4B7B00782F11 /* Views */ = {
			isa = PBXGroup;
			children = (
				EFD4E59B2856BE2400782F11 /* ExploreView.swift */,
			);
			path = Views;
			sourceTree = "<group>";
		};
		EFD4E5A8285C4B8000782F11 /* ViewModels */ = {
			isa = PBXGroup;
			children = (
			);
			path = ViewModels;
			sourceTree = "<group>";
		};
		EFD4E5A9285C4BA500782F11 /* Users */ = {
			isa = PBXGroup;
			children = (
				EFD4E5AA285C4BB500782F11 /* UserRowView.swift */,
				EFD4E5B5285C511D00782F11 /* UserStatsView.swift */,
			);
			path = Users;
			sourceTree = "<group>";
		};
		EFD4E5AC285C4ECB00782F11 /* SideMenu */ = {
			isa = PBXGroup;
			children = (
				EFD4E5AE285C4EDF00782F11 /* Views */,
				EFD4E5AD285C4ED900782F11 /* ViewModels */,
			);
			path = SideMenu;
			sourceTree = "<group>";
		};
		EFD4E5AD285C4ED900782F11 /* ViewModels */ = {
			isa = PBXGroup;
			children = (
				EFD4E5B3285C4F0600782F11 /* SideMenuViewModel.swift */,
			);
			path = ViewModels;
			sourceTree = "<group>";
		};
		EFD4E5AE285C4EDF00782F11 /* Views */ = {
			isa = PBXGroup;
			children = (
				EFD4E5AF285C4EED00782F11 /* SideMenuView.swift */,
				EFD4E5B7285C5AB300782F11 /* SideMenuOptionRowView.swift */,
			);
			path = Views;
			sourceTree = "<group>";
		};
/* End PBXGroup section */

/* Begin PBXNativeTarget section */
		EFD4E5552856B5DA00782F11 /* TwitterSwiftUI */ = {
			isa = PBXNativeTarget;
			buildConfigurationList = EFD4E57A2856B5DC00782F11 /* Build configuration list for PBXNativeTarget "TwitterSwiftUI" */;
			buildPhases = (
				EFD4E5522856B5DA00782F11 /* Sources */,
				EFD4E5532856B5DA00782F11 /* Frameworks */,
				EFD4E5542856B5DA00782F11 /* Resources */,
			);
			buildRules = (
			);
			dependencies = (
			);
			name = TwitterSwiftUI;
			productName = TwitterSwiftUI;
			productReference = EFD4E5562856B5DA00782F11 /* TwitterSwiftUI.app */;
			productType = "com.apple.product-type.application";
		};
		EFD4E5652856B5DC00782F11 /* TwitterSwiftUITests */ = {
			isa = PBXNativeTarget;
			buildConfigurationList = EFD4E57D2856B5DC00782F11 /* Build configuration list for PBXNativeTarget "TwitterSwiftUITests" */;
			buildPhases = (
				EFD4E5622856B5DC00782F11 /* Sources */,
				EFD4E5632856B5DC00782F11 /* Frameworks */,
				EFD4E5642856B5DC00782F11 /* Resources */,
			);
			buildRules = (
			);
			dependencies = (
				EFD4E5682856B5DC00782F11 /* PBXTargetDependency */,
			);
			name = TwitterSwiftUITests;
			productName = TwitterSwiftUITests;
			productReference = EFD4E5662856B5DC00782F11 /* TwitterSwiftUITests.xctest */;
			productType = "com.apple.product-type.bundle.unit-test";
		};
		EFD4E56F2856B5DC00782F11 /* TwitterSwiftUIUITests */ = {
			isa = PBXNativeTarget;
			buildConfigurationList = EFD4E5802856B5DC00782F11 /* Build configuration list for PBXNativeTarget "TwitterSwiftUIUITests" */;
			buildPhases = (
				EFD4E56C2856B5DC00782F11 /* Sources */,
				EFD4E56D2856B5DC00782F11 /* Frameworks */,
				EFD4E56E2856B5DC00782F11 /* Resources */,
			);
			buildRules = (
			);
			dependencies = (
				EFD4E5722856B5DC00782F11 /* PBXTargetDependency */,
			);
			name = TwitterSwiftUIUITests;
			productName = TwitterSwiftUIUITests;
			productReference = EFD4E5702856B5DC00782F11 /* TwitterSwiftUIUITests.xctest */;
			productType = "com.apple.product-type.bundle.ui-testing";
		};
/* End PBXNativeTarget section */

/* Begin PBXProject section */
		EFD4E54E2856B5DA00782F11 /* Project object */ = {
			isa = PBXProject;
			attributes = {
				BuildIndependentTargetsInParallel = 1;
				LastSwiftUpdateCheck = 1340;
				LastUpgradeCheck = 1340;
				TargetAttributes = {
					EFD4E5552856B5DA00782F11 = {
						CreatedOnToolsVersion = 13.4.1;
					};
					EFD4E5652856B5DC00782F11 = {
						CreatedOnToolsVersion = 13.4.1;
						TestTargetID = EFD4E5552856B5DA00782F11;
					};
					EFD4E56F2856B5DC00782F11 = {
						CreatedOnToolsVersion = 13.4.1;
						TestTargetID = EFD4E5552856B5DA00782F11;
					};
				};
			};
			buildConfigurationList = EFD4E5512856B5DA00782F11 /* Build configuration list for PBXProject "TwitterSwiftUI" */;
			compatibilityVersion = "Xcode 13.0";
			developmentRegion = en;
			hasScannedForEncodings = 0;
			knownRegions = (
				en,
				Base,
			);
			mainGroup = EFD4E54D2856B5DA00782F11;
			productRefGroup = EFD4E5572856B5DA00782F11 /* Products */;
			projectDirPath = "";
			projectRoot = "";
			targets = (
				EFD4E5552856B5DA00782F11 /* TwitterSwiftUI */,
				EFD4E5652856B5DC00782F11 /* TwitterSwiftUITests */,
				EFD4E56F2856B5DC00782F11 /* TwitterSwiftUIUITests */,
			);
		};
/* End PBXProject section */

/* Begin PBXResourcesBuildPhase section */
		EFD4E5542856B5DA00782F11 /* Resources */ = {
			isa = PBXResourcesBuildPhase;
			buildActionMask = 2147483647;
			files = (
				EFD4E5612856B5DC00782F11 /* Preview Assets.xcassets in Resources */,
				EFD4E55E2856B5DC00782F11 /* Assets.xcassets in Resources */,
			);
			runOnlyForDeploymentPostprocessing = 0;
		};
		EFD4E5642856B5DC00782F11 /* Resources */ = {
			isa = PBXResourcesBuildPhase;
			buildActionMask = 2147483647;
			files = (
			);
			runOnlyForDeploymentPostprocessing = 0;
		};
		EFD4E56E2856B5DC00782F11 /* Resources */ = {
			isa = PBXResourcesBuildPhase;
			buildActionMask = 2147483647;
			files = (
			);
			runOnlyForDeploymentPostprocessing = 0;
		};
/* End PBXResourcesBuildPhase section */

/* Begin PBXSourcesBuildPhase section */
		EFD4E5522856B5DA00782F11 /* Sources */ = {
			isa = PBXSourcesBuildPhase;
			buildActionMask = 2147483647;
			files = (
				EFD4E5A02856BE6400782F11 /* MessagesView.swift in Sources */,
				EFD4E5A42858943100782F11 /* ProfileView.swift in Sources */,
				EFD4E55C2856B5DA00782F11 /* ContentView.swift in Sources */,
				EFD4E5912856B77D00782F11 /* TweetRowView.swift in Sources */,
				1C9031D1287AB1500038AEB9 /* CustomInputField.swift in Sources */,
				EFD4E5A628589B7500782F11 /* TweetFilterViewModel.swift in Sources */,
				EFD4E58C2856B69B00782F11 /* FeedView.swift in Sources */,
				1C9031D4287AB2D50038AEB9 /* AuthHeaderView.swift in Sources */,
				EFD4E5B0285C4EED00782F11 /* SideMenuView.swift in Sources */,
				EFD4E55A2856B5DA00782F11 /* TwitterSwiftUIApp.swift in Sources */,
				EFD4E59C2856BE2400782F11 /* ExploreView.swift in Sources */,
				EFD4E5B4285C4F0600782F11 /* SideMenuViewModel.swift in Sources */,
				1C68CA87287AA985002088A4 /* TextArea.swift in Sources */,
				EFD4E5AB285C4BB500782F11 /* UserRowView.swift in Sources */,
				1C68CA8C287AABFE002088A4 /* LoginView.swift in Sources */,
				1C68CA8E287AAC08002088A4 /* RegistrationView.swift in Sources */,
				1C68CA85287AA886002088A4 /* NewTweetView.swift in Sources */,
				1C9031CF287AAD3C0038AEB9 /* RoundedShape.swift in Sources */,
				EFD4E5B8285C5AB300782F11 /* SideMenuOptionRowView.swift in Sources */,
				EFD4E5942856BC8700782F11 /* MainTabView.swift in Sources */,
				EFD4E59E2856BE4200782F11 /* NotificationsView.swift in Sources */,
				EFD4E5B6285C511D00782F11 /* UserStatsView.swift in Sources */,
			);
			runOnlyForDeploymentPostprocessing = 0;
		};
		EFD4E5622856B5DC00782F11 /* Sources */ = {
			isa = PBXSourcesBuildPhase;
			buildActionMask = 2147483647;
			files = (
				EFD4E56B2856B5DC00782F11 /* TwitterSwiftUITests.swift in Sources */,
			);
			runOnlyForDeploymentPostprocessing = 0;
		};
		EFD4E56C2856B5DC00782F11 /* Sources */ = {
			isa = PBXSourcesBuildPhase;
			buildActionMask = 2147483647;
			files = (
				EFD4E5772856B5DC00782F11 /* TwitterSwiftUIUITestsLaunchTests.swift in Sources */,
				EFD4E5752856B5DC00782F11 /* TwitterSwiftUIUITests.swift in Sources */,
			);
			runOnlyForDeploymentPostprocessing = 0;
		};
/* End PBXSourcesBuildPhase section */

/* Begin PBXTargetDependency section */
		EFD4E5682856B5DC00782F11 /* PBXTargetDependency */ = {
			isa = PBXTargetDependency;
			target = EFD4E5552856B5DA00782F11 /* TwitterSwiftUI */;
			targetProxy = EFD4E5672856B5DC00782F11 /* PBXContainerItemProxy */;
		};
		EFD4E5722856B5DC00782F11 /* PBXTargetDependency */ = {
			isa = PBXTargetDependency;
			target = EFD4E5552856B5DA00782F11 /* TwitterSwiftUI */;
			targetProxy = EFD4E5712856B5DC00782F11 /* PBXContainerItemProxy */;
		};
/* End PBXTargetDependency section */

/* Begin XCBuildConfiguration section */
		EFD4E5782856B5DC00782F11 /* Debug */ = {
			isa = XCBuildConfiguration;
			buildSettings = {
				ALWAYS_SEARCH_USER_PATHS = NO;
				CLANG_ANALYZER_NONNULL = YES;
				CLANG_ANALYZER_NUMBER_OBJECT_CONVERSION = YES_AGGRESSIVE;
				CLANG_CXX_LANGUAGE_STANDARD = "gnu++17";
				CLANG_ENABLE_MODULES = YES;
				CLANG_ENABLE_OBJC_ARC = YES;
				CLANG_ENABLE_OBJC_WEAK = YES;
				CLANG_WARN_BLOCK_CAPTURE_AUTORELEASING = YES;
				CLANG_WARN_BOOL_CONVERSION = YES;
				CLANG_WARN_COMMA = YES;
				CLANG_WARN_CONSTANT_CONVERSION = YES;
				CLANG_WARN_DEPRECATED_OBJC_IMPLEMENTATIONS = YES;
				CLANG_WARN_DIRECT_OBJC_ISA_USAGE = YES_ERROR;
				CLANG_WARN_DOCUMENTATION_COMMENTS = YES;
				CLANG_WARN_EMPTY_BODY = YES;
				CLANG_WARN_ENUM_CONVERSION = YES;
				CLANG_WARN_INFINITE_RECURSION = YES;
				CLANG_WARN_INT_CONVERSION = YES;
				CLANG_WARN_NON_LITERAL_NULL_CONVERSION = YES;
				CLANG_WARN_OBJC_IMPLICIT_RETAIN_SELF = YES;
				CLANG_WARN_OBJC_LITERAL_CONVERSION = YES;
				CLANG_WARN_OBJC_ROOT_CLASS = YES_ERROR;
				CLANG_WARN_QUOTED_INCLUDE_IN_FRAMEWORK_HEADER = YES;
				CLANG_WARN_RANGE_LOOP_ANALYSIS = YES;
				CLANG_WARN_STRICT_PROTOTYPES = YES;
				CLANG_WARN_SUSPICIOUS_MOVE = YES;
				CLANG_WARN_UNGUARDED_AVAILABILITY = YES_AGGRESSIVE;
				CLANG_WARN_UNREACHABLE_CODE = YES;
				CLANG_WARN__DUPLICATE_METHOD_MATCH = YES;
				COPY_PHASE_STRIP = NO;
				DEBUG_INFORMATION_FORMAT = dwarf;
				ENABLE_STRICT_OBJC_MSGSEND = YES;
				ENABLE_TESTABILITY = YES;
				GCC_C_LANGUAGE_STANDARD = gnu11;
				GCC_DYNAMIC_NO_PIC = NO;
				GCC_NO_COMMON_BLOCKS = YES;
				GCC_OPTIMIZATION_LEVEL = 0;
				GCC_PREPROCESSOR_DEFINITIONS = (
					"DEBUG=1",
					"$(inherited)",
				);
				GCC_WARN_64_TO_32_BIT_CONVERSION = YES;
				GCC_WARN_ABOUT_RETURN_TYPE = YES_ERROR;
				GCC_WARN_UNDECLARED_SELECTOR = YES;
				GCC_WARN_UNINITIALIZED_AUTOS = YES_AGGRESSIVE;
				GCC_WARN_UNUSED_FUNCTION = YES;
				GCC_WARN_UNUSED_VARIABLE = YES;
				IPHONEOS_DEPLOYMENT_TARGET = 15.5;
				MTL_ENABLE_DEBUG_INFO = INCLUDE_SOURCE;
				MTL_FAST_MATH = YES;
				ONLY_ACTIVE_ARCH = YES;
				SDKROOT = iphoneos;
				SWIFT_ACTIVE_COMPILATION_CONDITIONS = DEBUG;
				SWIFT_OPTIMIZATION_LEVEL = "-Onone";
			};
			name = Debug;
		};
		EFD4E5792856B5DC00782F11 /* Release */ = {
			isa = XCBuildConfiguration;
			buildSettings = {
				ALWAYS_SEARCH_USER_PATHS = NO;
				CLANG_ANALYZER_NONNULL = YES;
				CLANG_ANALYZER_NUMBER_OBJECT_CONVERSION = YES_AGGRESSIVE;
				CLANG_CXX_LANGUAGE_STANDARD = "gnu++17";
				CLANG_ENABLE_MODULES = YES;
				CLANG_ENABLE_OBJC_ARC = YES;
				CLANG_ENABLE_OBJC_WEAK = YES;
				CLANG_WARN_BLOCK_CAPTURE_AUTORELEASING = YES;
				CLANG_WARN_BOOL_CONVERSION = YES;
				CLANG_WARN_COMMA = YES;
				CLANG_WARN_CONSTANT_CONVERSION = YES;
				CLANG_WARN_DEPRECATED_OBJC_IMPLEMENTATIONS = YES;
				CLANG_WARN_DIRECT_OBJC_ISA_USAGE = YES_ERROR;
				CLANG_WARN_DOCUMENTATION_COMMENTS = YES;
				CLANG_WARN_EMPTY_BODY = YES;
				CLANG_WARN_ENUM_CONVERSION = YES;
				CLANG_WARN_INFINITE_RECURSION = YES;
				CLANG_WARN_INT_CONVERSION = YES;
				CLANG_WARN_NON_LITERAL_NULL_CONVERSION = YES;
				CLANG_WARN_OBJC_IMPLICIT_RETAIN_SELF = YES;
				CLANG_WARN_OBJC_LITERAL_CONVERSION = YES;
				CLANG_WARN_OBJC_ROOT_CLASS = YES_ERROR;
				CLANG_WARN_QUOTED_INCLUDE_IN_FRAMEWORK_HEADER = YES;
				CLANG_WARN_RANGE_LOOP_ANALYSIS = YES;
				CLANG_WARN_STRICT_PROTOTYPES = YES;
				CLANG_WARN_SUSPICIOUS_MOVE = YES;
				CLANG_WARN_UNGUARDED_AVAILABILITY = YES_AGGRESSIVE;
				CLANG_WARN_UNREACHABLE_CODE = YES;
				CLANG_WARN__DUPLICATE_METHOD_MATCH = YES;
				COPY_PHASE_STRIP = NO;
				DEBUG_INFORMATION_FORMAT = "dwarf-with-dsym";
				ENABLE_NS_ASSERTIONS = NO;
				ENABLE_STRICT_OBJC_MSGSEND = YES;
				GCC_C_LANGUAGE_STANDARD = gnu11;
				GCC_NO_COMMON_BLOCKS = YES;
				GCC_WARN_64_TO_32_BIT_CONVERSION = YES;
				GCC_WARN_ABOUT_RETURN_TYPE = YES_ERROR;
				GCC_WARN_UNDECLARED_SELECTOR = YES;
				GCC_WARN_UNINITIALIZED_AUTOS = YES_AGGRESSIVE;
				GCC_WARN_UNUSED_FUNCTION = YES;
				GCC_WARN_UNUSED_VARIABLE = YES;
				IPHONEOS_DEPLOYMENT_TARGET = 15.5;
				MTL_ENABLE_DEBUG_INFO = NO;
				MTL_FAST_MATH = YES;
				SDKROOT = iphoneos;
				SWIFT_COMPILATION_MODE = wholemodule;
				SWIFT_OPTIMIZATION_LEVEL = "-O";
				VALIDATE_PRODUCT = YES;
			};
			name = Release;
		};
		EFD4E57B2856B5DC00782F11 /* Debug */ = {
			isa = XCBuildConfiguration;
			buildSettings = {
				ASSETCATALOG_COMPILER_APPICON_NAME = AppIcon;
				ASSETCATALOG_COMPILER_GLOBAL_ACCENT_COLOR_NAME = AccentColor;
				CODE_SIGN_STYLE = Automatic;
				CURRENT_PROJECT_VERSION = 1;
				DEVELOPMENT_ASSET_PATHS = "\"TwitterSwiftUI/Preview Content\"";
				DEVELOPMENT_TEAM = SRT47ZQ7D8;
				ENABLE_PREVIEWS = YES;
				GENERATE_INFOPLIST_FILE = YES;
				INFOPLIST_KEY_UIApplicationSceneManifest_Generation = YES;
				INFOPLIST_KEY_UIApplicationSupportsIndirectInputEvents = YES;
				INFOPLIST_KEY_UILaunchScreen_Generation = YES;
				INFOPLIST_KEY_UISupportedInterfaceOrientations_iPad = "UIInterfaceOrientationPortrait UIInterfaceOrientationPortraitUpsideDown UIInterfaceOrientationLandscapeLeft UIInterfaceOrientationLandscapeRight";
				INFOPLIST_KEY_UISupportedInterfaceOrientations_iPhone = "UIInterfaceOrientationPortrait UIInterfaceOrientationLandscapeLeft UIInterfaceOrientationLandscapeRight";
				LD_RUNPATH_SEARCH_PATHS = (
					"$(inherited)",
					"@executable_path/Frameworks",
				);
				MARKETING_VERSION = 1.0;
				PRODUCT_BUNDLE_IDENTIFIER = cliftonia.TwitterSwiftUI;
				PRODUCT_NAME = "$(TARGET_NAME)";
				SWIFT_EMIT_LOC_STRINGS = YES;
				SWIFT_VERSION = 5.0;
				TARGETED_DEVICE_FAMILY = "1,2";
			};
			name = Debug;
		};
		EFD4E57C2856B5DC00782F11 /* Release */ = {
			isa = XCBuildConfiguration;
			buildSettings = {
				ASSETCATALOG_COMPILER_APPICON_NAME = AppIcon;
				ASSETCATALOG_COMPILER_GLOBAL_ACCENT_COLOR_NAME = AccentColor;
				CODE_SIGN_STYLE = Automatic;
				CURRENT_PROJECT_VERSION = 1;
				DEVELOPMENT_ASSET_PATHS = "\"TwitterSwiftUI/Preview Content\"";
				DEVELOPMENT_TEAM = SRT47ZQ7D8;
				ENABLE_PREVIEWS = YES;
				GENERATE_INFOPLIST_FILE = YES;
				INFOPLIST_KEY_UIApplicationSceneManifest_Generation = YES;
				INFOPLIST_KEY_UIApplicationSupportsIndirectInputEvents = YES;
				INFOPLIST_KEY_UILaunchScreen_Generation = YES;
				INFOPLIST_KEY_UISupportedInterfaceOrientations_iPad = "UIInterfaceOrientationPortrait UIInterfaceOrientationPortraitUpsideDown UIInterfaceOrientationLandscapeLeft UIInterfaceOrientationLandscapeRight";
				INFOPLIST_KEY_UISupportedInterfaceOrientations_iPhone = "UIInterfaceOrientationPortrait UIInterfaceOrientationLandscapeLeft UIInterfaceOrientationLandscapeRight";
				LD_RUNPATH_SEARCH_PATHS = (
					"$(inherited)",
					"@executable_path/Frameworks",
				);
				MARKETING_VERSION = 1.0;
				PRODUCT_BUNDLE_IDENTIFIER = cliftonia.TwitterSwiftUI;
				PRODUCT_NAME = "$(TARGET_NAME)";
				SWIFT_EMIT_LOC_STRINGS = YES;
				SWIFT_VERSION = 5.0;
				TARGETED_DEVICE_FAMILY = "1,2";
			};
			name = Release;
		};
		EFD4E57E2856B5DC00782F11 /* Debug */ = {
			isa = XCBuildConfiguration;
			buildSettings = {
				ALWAYS_EMBED_SWIFT_STANDARD_LIBRARIES = YES;
				BUNDLE_LOADER = "$(TEST_HOST)";
				CODE_SIGN_STYLE = Automatic;
				CURRENT_PROJECT_VERSION = 1;
				DEVELOPMENT_TEAM = SRT47ZQ7D8;
				GENERATE_INFOPLIST_FILE = YES;
				IPHONEOS_DEPLOYMENT_TARGET = 15.5;
				MARKETING_VERSION = 1.0;
				PRODUCT_BUNDLE_IDENTIFIER = cliftonia.TwitterSwiftUITests;
				PRODUCT_NAME = "$(TARGET_NAME)";
				SWIFT_EMIT_LOC_STRINGS = NO;
				SWIFT_VERSION = 5.0;
				TARGETED_DEVICE_FAMILY = "1,2";
				TEST_HOST = "$(BUILT_PRODUCTS_DIR)/TwitterSwiftUI.app/TwitterSwiftUI";
			};
			name = Debug;
		};
		EFD4E57F2856B5DC00782F11 /* Release */ = {
			isa = XCBuildConfiguration;
			buildSettings = {
				ALWAYS_EMBED_SWIFT_STANDARD_LIBRARIES = YES;
				BUNDLE_LOADER = "$(TEST_HOST)";
				CODE_SIGN_STYLE = Automatic;
				CURRENT_PROJECT_VERSION = 1;
				DEVELOPMENT_TEAM = SRT47ZQ7D8;
				GENERATE_INFOPLIST_FILE = YES;
				IPHONEOS_DEPLOYMENT_TARGET = 15.5;
				MARKETING_VERSION = 1.0;
				PRODUCT_BUNDLE_IDENTIFIER = cliftonia.TwitterSwiftUITests;
				PRODUCT_NAME = "$(TARGET_NAME)";
				SWIFT_EMIT_LOC_STRINGS = NO;
				SWIFT_VERSION = 5.0;
				TARGETED_DEVICE_FAMILY = "1,2";
				TEST_HOST = "$(BUILT_PRODUCTS_DIR)/TwitterSwiftUI.app/TwitterSwiftUI";
			};
			name = Release;
		};
		EFD4E5812856B5DC00782F11 /* Debug */ = {
			isa = XCBuildConfiguration;
			buildSettings = {
				ALWAYS_EMBED_SWIFT_STANDARD_LIBRARIES = YES;
				CODE_SIGN_STYLE = Automatic;
				CURRENT_PROJECT_VERSION = 1;
				DEVELOPMENT_TEAM = SRT47ZQ7D8;
				GENERATE_INFOPLIST_FILE = YES;
				MARKETING_VERSION = 1.0;
				PRODUCT_BUNDLE_IDENTIFIER = cliftonia.TwitterSwiftUIUITests;
				PRODUCT_NAME = "$(TARGET_NAME)";
				SWIFT_EMIT_LOC_STRINGS = NO;
				SWIFT_VERSION = 5.0;
				TARGETED_DEVICE_FAMILY = "1,2";
				TEST_TARGET_NAME = TwitterSwiftUI;
			};
			name = Debug;
		};
		EFD4E5822856B5DC00782F11 /* Release */ = {
			isa = XCBuildConfiguration;
			buildSettings = {
				ALWAYS_EMBED_SWIFT_STANDARD_LIBRARIES = YES;
				CODE_SIGN_STYLE = Automatic;
				CURRENT_PROJECT_VERSION = 1;
				DEVELOPMENT_TEAM = SRT47ZQ7D8;
				GENERATE_INFOPLIST_FILE = YES;
				MARKETING_VERSION = 1.0;
				PRODUCT_BUNDLE_IDENTIFIER = cliftonia.TwitterSwiftUIUITests;
				PRODUCT_NAME = "$(TARGET_NAME)";
				SWIFT_EMIT_LOC_STRINGS = NO;
				SWIFT_VERSION = 5.0;
				TARGETED_DEVICE_FAMILY = "1,2";
				TEST_TARGET_NAME = TwitterSwiftUI;
			};
			name = Release;
		};
/* End XCBuildConfiguration section */

/* Begin XCConfigurationList section */
		EFD4E5512856B5DA00782F11 /* Build configuration list for PBXProject "TwitterSwiftUI" */ = {
			isa = XCConfigurationList;
			buildConfigurations = (
				EFD4E5782856B5DC00782F11 /* Debug */,
				EFD4E5792856B5DC00782F11 /* Release */,
			);
			defaultConfigurationIsVisible = 0;
			defaultConfigurationName = Release;
		};
		EFD4E57A2856B5DC00782F11 /* Build configuration list for PBXNativeTarget "TwitterSwiftUI" */ = {
			isa = XCConfigurationList;
			buildConfigurations = (
				EFD4E57B2856B5DC00782F11 /* Debug */,
				EFD4E57C2856B5DC00782F11 /* Release */,
			);
			defaultConfigurationIsVisible = 0;
			defaultConfigurationName = Release;
		};
		EFD4E57D2856B5DC00782F11 /* Build configuration list for PBXNativeTarget "TwitterSwiftUITests" */ = {
			isa = XCConfigurationList;
			buildConfigurations = (
				EFD4E57E2856B5DC00782F11 /* Debug */,
				EFD4E57F2856B5DC00782F11 /* Release */,
			);
			defaultConfigurationIsVisible = 0;
			defaultConfigurationName = Release;
		};
		EFD4E5802856B5DC00782F11 /* Build configuration list for PBXNativeTarget "TwitterSwiftUIUITests" */ = {
			isa = XCConfigurationList;
			buildConfigurations = (
				EFD4E5812856B5DC00782F11 /* Debug */,
				EFD4E5822856B5DC00782F11 /* Release */,
			);
			defaultConfigurationIsVisible = 0;
			defaultConfigurationName = Release;
		};
/* End XCConfigurationList section */
	};
	rootObject = EFD4E54E2856B5DA00782F11 /* Project object */;
}
