// !$*UTF8*$!
{
	archiveVersion = 1;
	classes = {
	};
	objectVersion = 55;
	objects = {

/* Begin PBXBuildFile section */
		1C1D6BB528924DE900BBC6EB /* FirebaseAnalytics in Frameworks */ = {isa = PBXBuildFile; productRef = 1CE8F5002892202A009EF22B /* FirebaseAnalytics */; };
		1C1D6BB628924DE900BBC6EB /* FirebaseAnalyticsOnDeviceConversion in Frameworks */ = {isa = PBXBuildFile; productRef = 1CE8F5022892202A009EF22B /* FirebaseAnalyticsOnDeviceConversion */; };
		1C1D6BB728924DE900BBC6EB /* FirebaseAnalyticsSwift in Frameworks */ = {isa = PBXBuildFile; productRef = 1CE8F5042892202A009EF22B /* FirebaseAnalyticsSwift */; };
		1C1D6BB828924DE900BBC6EB /* FirebaseAnalyticsWithoutAdIdSupport in Frameworks */ = {isa = PBXBuildFile; productRef = 1CE8F5062892202A009EF22B /* FirebaseAnalyticsWithoutAdIdSupport */; };
		1C1D6BB928924DE900BBC6EB /* FirebaseAppCheck in Frameworks */ = {isa = PBXBuildFile; productRef = 1CE8F5082892202A009EF22B /* FirebaseAppCheck */; };
		1C1D6BBA28924DE900BBC6EB /* FirebaseAppDistribution-Beta in Frameworks */ = {isa = PBXBuildFile; productRef = 1CE8F50A2892202A009EF22B /* FirebaseAppDistribution-Beta */; };
		1C1D6BBB28924DE900BBC6EB /* FirebaseAuth in Frameworks */ = {isa = PBXBuildFile; productRef = 1CE8F50C2892202A009EF22B /* FirebaseAuth */; };
		1C1D6BBC28924DE900BBC6EB /* FirebaseAuthCombine-Community in Frameworks */ = {isa = PBXBuildFile; productRef = 1CE8F50E2892202A009EF22B /* FirebaseAuthCombine-Community */; };
		1C1D6BBD28924DE900BBC6EB /* FirebaseCrashlytics in Frameworks */ = {isa = PBXBuildFile; productRef = 1CE8F5102892202A009EF22B /* FirebaseCrashlytics */; };
		1C1D6BBE28924DE900BBC6EB /* FirebaseDatabase in Frameworks */ = {isa = PBXBuildFile; productRef = 1CE8F5122892202A009EF22B /* FirebaseDatabase */; };
		1C1D6BBF28924DE900BBC6EB /* FirebaseDatabaseSwift in Frameworks */ = {isa = PBXBuildFile; productRef = 1CE8F5142892202A009EF22B /* FirebaseDatabaseSwift */; };
		1C1D6BC028924DE900BBC6EB /* FirebaseDynamicLinks in Frameworks */ = {isa = PBXBuildFile; productRef = 1CE8F5162892202A009EF22B /* FirebaseDynamicLinks */; };
		1C1D6BC128924DE900BBC6EB /* FirebaseFirestore in Frameworks */ = {isa = PBXBuildFile; productRef = 1CE8F5182892202A009EF22B /* FirebaseFirestore */; };
		1C1D6BC228924DE900BBC6EB /* FirebaseFirestoreCombine-Community in Frameworks */ = {isa = PBXBuildFile; productRef = 1CE8F51A2892202A009EF22B /* FirebaseFirestoreCombine-Community */; };
		1C1D6BC328924DE900BBC6EB /* FirebaseFirestoreSwift in Frameworks */ = {isa = PBXBuildFile; productRef = 1CE8F51C2892202A009EF22B /* FirebaseFirestoreSwift */; };
		1C1D6BC428924DE900BBC6EB /* FirebaseFunctions in Frameworks */ = {isa = PBXBuildFile; productRef = 1CE8F51E2892202A009EF22B /* FirebaseFunctions */; };
		1C1D6BC528924DE900BBC6EB /* FirebaseFunctionsCombine-Community in Frameworks */ = {isa = PBXBuildFile; productRef = 1CE8F5202892202A009EF22B /* FirebaseFunctionsCombine-Community */; };
		1C1D6BC628924DE900BBC6EB /* FirebaseInAppMessaging-Beta in Frameworks */ = {isa = PBXBuildFile; productRef = 1CE8F5222892202A009EF22B /* FirebaseInAppMessaging-Beta */; };
		1C1D6BC728924DE900BBC6EB /* FirebaseInAppMessagingSwift-Beta in Frameworks */ = {isa = PBXBuildFile; productRef = 1CE8F5242892202A009EF22B /* FirebaseInAppMessagingSwift-Beta */; };
		1C1D6BC828924DE900BBC6EB /* FirebaseInstallations in Frameworks */ = {isa = PBXBuildFile; productRef = 1CE8F5262892202A009EF22B /* FirebaseInstallations */; };
		1C1D6BC928924DE900BBC6EB /* FirebaseMessaging in Frameworks */ = {isa = PBXBuildFile; productRef = 1CE8F5282892202A009EF22B /* FirebaseMessaging */; };
		1C1D6BCA28924DE900BBC6EB /* FirebaseMLModelDownloader in Frameworks */ = {isa = PBXBuildFile; productRef = 1CE8F52A2892202A009EF22B /* FirebaseMLModelDownloader */; };
		1C1D6BCB28924DE900BBC6EB /* FirebasePerformance in Frameworks */ = {isa = PBXBuildFile; productRef = 1CE8F52C2892202A009EF22B /* FirebasePerformance */; };
		1C1D6BCC28924DE900BBC6EB /* FirebaseRemoteConfig in Frameworks */ = {isa = PBXBuildFile; productRef = 1CE8F52E2892202A009EF22B /* FirebaseRemoteConfig */; };
		1C1D6BCD28924DE900BBC6EB /* FirebaseRemoteConfigSwift in Frameworks */ = {isa = PBXBuildFile; productRef = 1CE8F5302892202A009EF22B /* FirebaseRemoteConfigSwift */; };
		1C1D6BCE28924DE900BBC6EB /* FirebaseStorage in Frameworks */ = {isa = PBXBuildFile; productRef = 1CE8F5322892202A009EF22B /* FirebaseStorage */; };
		1C1D6BCF28924DE900BBC6EB /* FirebaseStorageCombine-Community in Frameworks */ = {isa = PBXBuildFile; productRef = 1CE8F5342892202A009EF22B /* FirebaseStorageCombine-Community */; };
		1C1D6BD32893692F00BBC6EB /* XCTest.framework in Frameworks */ = {isa = PBXBuildFile; fileRef = 1CE8F53C28923EB7009EF22B /* XCTest.framework */; settings = {ATTRIBUTES = (Weak, ); }; };
		1C1D6BD528936D1700BBC6EB /* TwitterSwiftUIUITests.swift in Sources */ = {isa = PBXBuildFile; fileRef = EFD4E5742856B5DC00782F11 /* TwitterSwiftUIUITests.swift */; };
		1C2011BD28A1CD3800119936 /* ProfilePhotoSelectorView.swift in Sources */ = {isa = PBXBuildFile; fileRef = 1C2011BC28A1CD3800119936 /* ProfilePhotoSelectorView.swift */; };
		1C2011C028A1D7AF00119936 /* ImagePicker.swift in Sources */ = {isa = PBXBuildFile; fileRef = 1C2011BF28A1D7AF00119936 /* ImagePicker.swift */; };
		1C2011C228A2161900119936 /* ImageUploader.swift in Sources */ = {isa = PBXBuildFile; fileRef = 1C2011C128A2161900119936 /* ImageUploader.swift */; };
		1C2F8D9D28A32186001E5723 /* UserService.swift in Sources */ = {isa = PBXBuildFile; fileRef = 1C2F8D9C28A32186001E5723 /* UserService.swift */; };
		1C34693628A33F7100FAB684 /* User.swift in Sources */ = {isa = PBXBuildFile; fileRef = 1C34693528A33F7100FAB684 /* User.swift */; };
		1C4E122728A3665D00514A2D /* Kingfisher in Frameworks */ = {isa = PBXBuildFile; productRef = 1C4E122628A3665D00514A2D /* Kingfisher */; };
		1C4E122E28A391B100514A2D /* ExploreViewModel.swift in Sources */ = {isa = PBXBuildFile; fileRef = 1C4E122D28A391B100514A2D /* ExploreViewModel.swift */; };
		1C4E123028A4B42F00514A2D /* SearchBar.swift in Sources */ = {isa = PBXBuildFile; fileRef = 1C4E122F28A4B42F00514A2D /* SearchBar.swift */; };
		1C4E123228A4BE6200514A2D /* TweetService.swift in Sources */ = {isa = PBXBuildFile; fileRef = 1C4E123128A4BE6200514A2D /* TweetService.swift */; };
		1C4E123428A4C13500514A2D /* UploadTweetViewModel.swift in Sources */ = {isa = PBXBuildFile; fileRef = 1C4E123328A4C13500514A2D /* UploadTweetViewModel.swift */; };
		1C4E123728A5E2CC00514A2D /* FeedViewModel.swift in Sources */ = {isa = PBXBuildFile; fileRef = 1C4E123628A5E2CC00514A2D /* FeedViewModel.swift */; };
		1C4E123928A5E47600514A2D /* Tweet.swift in Sources */ = {isa = PBXBuildFile; fileRef = 1C4E123828A5E47600514A2D /* Tweet.swift */; };
		1C4E123B28A5F6A200514A2D /* ProfileViewModel.swift in Sources */ = {isa = PBXBuildFile; fileRef = 1C4E123A28A5F6A200514A2D /* ProfileViewModel.swift */; };
		1C4E123F28A61F8200514A2D /* TweetRowViewModel.swift in Sources */ = {isa = PBXBuildFile; fileRef = 1C4E123E28A61F8200514A2D /* TweetRowViewModel.swift */; };
		1C68CA85287AA886002088A4 /* NewTweetView.swift in Sources */ = {isa = PBXBuildFile; fileRef = 1C68CA84287AA886002088A4 /* NewTweetView.swift */; };
		1C68CA87287AA985002088A4 /* TextArea.swift in Sources */ = {isa = PBXBuildFile; fileRef = 1C68CA86287AA985002088A4 /* TextArea.swift */; };
		1C68CA8C287AABFE002088A4 /* LoginView.swift in Sources */ = {isa = PBXBuildFile; fileRef = 1C68CA8B287AABFE002088A4 /* LoginView.swift */; };
		1C68CA8E287AAC08002088A4 /* RegistrationView.swift in Sources */ = {isa = PBXBuildFile; fileRef = 1C68CA8D287AAC08002088A4 /* RegistrationView.swift */; };
		1C863B502899E1B200723A6A /* SwiftlySalesforce in Frameworks */ = {isa = PBXBuildFile; productRef = 1C863B4F2899E1B200723A6A /* SwiftlySalesforce */; };
		1C9031CF287AAD3C0038AEB9 /* RoundedShape.swift in Sources */ = {isa = PBXBuildFile; fileRef = 1C9031CE287AAD3C0038AEB9 /* RoundedShape.swift */; };
		1C9031D1287AB1500038AEB9 /* CustomInputField.swift in Sources */ = {isa = PBXBuildFile; fileRef = 1C9031D0287AB1500038AEB9 /* CustomInputField.swift */; };
		1C9031D4287AB2D50038AEB9 /* AuthHeaderView.swift in Sources */ = {isa = PBXBuildFile; fileRef = 1C9031D3287AB2D50038AEB9 /* AuthHeaderView.swift */; };
		1C9031D6287BA32F0038AEB9 /* GoogleService-Info.plist in Resources */ = {isa = PBXBuildFile; fileRef = 1C9031D5287BA32F0038AEB9 /* GoogleService-Info.plist */; };
		1C9031D9287BA4550038AEB9 /* FirebaseAuth in Frameworks */ = {isa = PBXBuildFile; productRef = 1C9031D8287BA4550038AEB9 /* FirebaseAuth */; };
		1C9031DB287BA4550038AEB9 /* FirebaseFirestore in Frameworks */ = {isa = PBXBuildFile; productRef = 1C9031DA287BA4550038AEB9 /* FirebaseFirestore */; };
		1C9031DD287BA4550038AEB9 /* FirebaseFirestoreSwift in Frameworks */ = {isa = PBXBuildFile; productRef = 1C9031DC287BA4550038AEB9 /* FirebaseFirestoreSwift */; };
		1C9031DF287BA4550038AEB9 /* FirebaseStorage in Frameworks */ = {isa = PBXBuildFile; productRef = 1C9031DE287BA4550038AEB9 /* FirebaseStorage */; };
		1C9031E1287D07600038AEB9 /* AuthViewModel.swift in Sources */ = {isa = PBXBuildFile; fileRef = 1C9031E0287D07600038AEB9 /* AuthViewModel.swift */; };
		1CE8F53D28923EB8009EF22B /* XCTest.framework in Frameworks */ = {isa = PBXBuildFile; fileRef = 1CE8F53C28923EB7009EF22B /* XCTest.framework */; settings = {ATTRIBUTES = (Weak, ); }; };
		25FC78CB826FFF0BF5E088EA /* Pods_TwitterSwiftUI_TwitterSwiftUIUITests.framework in Frameworks */ = {isa = PBXBuildFile; fileRef = 8574BC39E9F7B912AE8039CD /* Pods_TwitterSwiftUI_TwitterSwiftUIUITests.framework */; };
		6A15EC88B2CF3DD679DEE449 /* Pods_TwitterSwiftUI.framework in Frameworks */ = {isa = PBXBuildFile; fileRef = 3B06E40877ADD4B31F3AE19A /* Pods_TwitterSwiftUI.framework */; };
		BFB51FECDDDDA44759B78001 /* Pods_TwitterSwiftUITests.framework in Frameworks */ = {isa = PBXBuildFile; fileRef = E72D6E75805429ED0D459409 /* Pods_TwitterSwiftUITests.framework */; };
		EFD4E55A2856B5DA00782F11 /* TwitterSwiftUIApp.swift in Sources */ = {isa = PBXBuildFile; fileRef = EFD4E5592856B5DA00782F11 /* TwitterSwiftUIApp.swift */; };
		EFD4E55C2856B5DA00782F11 /* ContentView.swift in Sources */ = {isa = PBXBuildFile; fileRef = EFD4E55B2856B5DA00782F11 /* ContentView.swift */; };
		EFD4E55E2856B5DC00782F11 /* Assets.xcassets in Resources */ = {isa = PBXBuildFile; fileRef = EFD4E55D2856B5DC00782F11 /* Assets.xcassets */; };
		EFD4E5612856B5DC00782F11 /* Preview Assets.xcassets in Resources */ = {isa = PBXBuildFile; fileRef = EFD4E5602856B5DC00782F11 /* Preview Assets.xcassets */; };
		EFD4E56B2856B5DC00782F11 /* TwitterSwiftUITests.swift in Sources */ = {isa = PBXBuildFile; fileRef = EFD4E56A2856B5DC00782F11 /* TwitterSwiftUITests.swift */; };
		EFD4E5772856B5DC00782F11 /* TwitterSwiftUIUITestsLaunchTests.swift in Sources */ = {isa = PBXBuildFile; fileRef = EFD4E5762856B5DC00782F11 /* TwitterSwiftUIUITestsLaunchTests.swift */; };
		EFD4E58C2856B69B00782F11 /* FeedView.swift in Sources */ = {isa = PBXBuildFile; fileRef = EFD4E58B2856B69B00782F11 /* FeedView.swift */; };
		EFD4E5912856B77D00782F11 /* TweetRowView.swift in Sources */ = {isa = PBXBuildFile; fileRef = EFD4E5902856B77D00782F11 /* TweetRowView.swift */; };
		EFD4E5942856BC8700782F11 /* MainTabView.swift in Sources */ = {isa = PBXBuildFile; fileRef = EFD4E5932856BC8700782F11 /* MainTabView.swift */; };
		EFD4E59C2856BE2400782F11 /* ExploreView.swift in Sources */ = {isa = PBXBuildFile; fileRef = EFD4E59B2856BE2400782F11 /* ExploreView.swift */; };
		EFD4E59E2856BE4200782F11 /* NotificationsView.swift in Sources */ = {isa = PBXBuildFile; fileRef = EFD4E59D2856BE4200782F11 /* NotificationsView.swift */; };
		EFD4E5A02856BE6400782F11 /* MessagesView.swift in Sources */ = {isa = PBXBuildFile; fileRef = EFD4E59F2856BE6400782F11 /* MessagesView.swift */; };
		EFD4E5A42858943100782F11 /* ProfileView.swift in Sources */ = {isa = PBXBuildFile; fileRef = EFD4E5A32858943100782F11 /* ProfileView.swift */; };
		EFD4E5A628589B7500782F11 /* TweetFilterViewModel.swift in Sources */ = {isa = PBXBuildFile; fileRef = EFD4E5A528589B7500782F11 /* TweetFilterViewModel.swift */; };
		EFD4E5AB285C4BB500782F11 /* UserRowView.swift in Sources */ = {isa = PBXBuildFile; fileRef = EFD4E5AA285C4BB500782F11 /* UserRowView.swift */; };
		EFD4E5B0285C4EED00782F11 /* SideMenuView.swift in Sources */ = {isa = PBXBuildFile; fileRef = EFD4E5AF285C4EED00782F11 /* SideMenuView.swift */; };
		EFD4E5B4285C4F0600782F11 /* SideMenuViewModel.swift in Sources */ = {isa = PBXBuildFile; fileRef = EFD4E5B3285C4F0600782F11 /* SideMenuViewModel.swift */; };
		EFD4E5B6285C511D00782F11 /* UserStatsView.swift in Sources */ = {isa = PBXBuildFile; fileRef = EFD4E5B5285C511D00782F11 /* UserStatsView.swift */; };
		EFD4E5B8285C5AB300782F11 /* SideMenuOptionRowView.swift in Sources */ = {isa = PBXBuildFile; fileRef = EFD4E5B7285C5AB300782F11 /* SideMenuOptionRowView.swift */; };
/* End PBXBuildFile section */

/* Begin PBXContainerItemProxy section */
		EFD4E5672856B5DC00782F11 /* PBXContainerItemProxy */ = {
			isa = PBXContainerItemProxy;
			containerPortal = EFD4E54E2856B5DA00782F11 /* Project object */;
			proxyType = 1;
			remoteGlobalIDString = EFD4E5552856B5DA00782F11;
			remoteInfo = TwitterSwiftUI;
		};
		EFD4E5712856B5DC00782F11 /* PBXContainerItemProxy */ = {
			isa = PBXContainerItemProxy;
			containerPortal = EFD4E54E2856B5DA00782F11 /* Project object */;
			proxyType = 1;
			remoteGlobalIDString = EFD4E5552856B5DA00782F11;
			remoteInfo = TwitterSwiftUI;
		};
/* End PBXContainerItemProxy section */

/* Begin PBXFileReference section */
		0F61B0C6FD54CB1AC6AA7548 /* Pods-TwitterSwiftUI.debug.xcconfig */ = {isa = PBXFileReference; includeInIndex = 1; lastKnownFileType = text.xcconfig; name = "Pods-TwitterSwiftUI.debug.xcconfig"; path = "Target Support Files/Pods-TwitterSwiftUI/Pods-TwitterSwiftUI.debug.xcconfig"; sourceTree = "<group>"; };
		1C2011BC28A1CD3800119936 /* ProfilePhotoSelectorView.swift */ = {isa = PBXFileReference; lastKnownFileType = sourcecode.swift; path = ProfilePhotoSelectorView.swift; sourceTree = "<group>"; };
		1C2011BF28A1D7AF00119936 /* ImagePicker.swift */ = {isa = PBXFileReference; lastKnownFileType = sourcecode.swift; path = ImagePicker.swift; sourceTree = "<group>"; };
		1C2011C128A2161900119936 /* ImageUploader.swift */ = {isa = PBXFileReference; lastKnownFileType = sourcecode.swift; path = ImageUploader.swift; sourceTree = "<group>"; };
		1C2F8D9C28A32186001E5723 /* UserService.swift */ = {isa = PBXFileReference; lastKnownFileType = sourcecode.swift; path = UserService.swift; sourceTree = "<group>"; };
		1C34693528A33F7100FAB684 /* User.swift */ = {isa = PBXFileReference; lastKnownFileType = sourcecode.swift; path = User.swift; sourceTree = "<group>"; };
		1C4E122D28A391B100514A2D /* ExploreViewModel.swift */ = {isa = PBXFileReference; lastKnownFileType = sourcecode.swift; path = ExploreViewModel.swift; sourceTree = "<group>"; };
		1C4E122F28A4B42F00514A2D /* SearchBar.swift */ = {isa = PBXFileReference; lastKnownFileType = sourcecode.swift; path = SearchBar.swift; sourceTree = "<group>"; };
		1C4E123128A4BE6200514A2D /* TweetService.swift */ = {isa = PBXFileReference; lastKnownFileType = sourcecode.swift; path = TweetService.swift; sourceTree = "<group>"; };
		1C4E123328A4C13500514A2D /* UploadTweetViewModel.swift */ = {isa = PBXFileReference; lastKnownFileType = sourcecode.swift; path = UploadTweetViewModel.swift; sourceTree = "<group>"; };
		1C4E123628A5E2CC00514A2D /* FeedViewModel.swift */ = {isa = PBXFileReference; lastKnownFileType = sourcecode.swift; path = FeedViewModel.swift; sourceTree = "<group>"; };
		1C4E123828A5E47600514A2D /* Tweet.swift */ = {isa = PBXFileReference; lastKnownFileType = sourcecode.swift; path = Tweet.swift; sourceTree = "<group>"; };
		1C4E123A28A5F6A200514A2D /* ProfileViewModel.swift */ = {isa = PBXFileReference; lastKnownFileType = sourcecode.swift; path = ProfileViewModel.swift; sourceTree = "<group>"; };
		1C4E123E28A61F8200514A2D /* TweetRowViewModel.swift */ = {isa = PBXFileReference; lastKnownFileType = sourcecode.swift; path = TweetRowViewModel.swift; sourceTree = "<group>"; };
		1C68CA84287AA886002088A4 /* NewTweetView.swift */ = {isa = PBXFileReference; lastKnownFileType = sourcecode.swift; path = NewTweetView.swift; sourceTree = "<group>"; };
		1C68CA86287AA985002088A4 /* TextArea.swift */ = {isa = PBXFileReference; lastKnownFileType = sourcecode.swift; path = TextArea.swift; sourceTree = "<group>"; };
		1C68CA8B287AABFE002088A4 /* LoginView.swift */ = {isa = PBXFileReference; lastKnownFileType = sourcecode.swift; path = LoginView.swift; sourceTree = "<group>"; };
		1C68CA8D287AAC08002088A4 /* RegistrationView.swift */ = {isa = PBXFileReference; lastKnownFileType = sourcecode.swift; path = RegistrationView.swift; sourceTree = "<group>"; };
		1C9031CE287AAD3C0038AEB9 /* RoundedShape.swift */ = {isa = PBXFileReference; lastKnownFileType = sourcecode.swift; path = RoundedShape.swift; sourceTree = "<group>"; };
		1C9031D0287AB1500038AEB9 /* CustomInputField.swift */ = {isa = PBXFileReference; lastKnownFileType = sourcecode.swift; path = CustomInputField.swift; sourceTree = "<group>"; };
		1C9031D3287AB2D50038AEB9 /* AuthHeaderView.swift */ = {isa = PBXFileReference; lastKnownFileType = sourcecode.swift; path = AuthHeaderView.swift; sourceTree = "<group>"; };
		1C9031D5287BA32F0038AEB9 /* GoogleService-Info.plist */ = {isa = PBXFileReference; lastKnownFileType = text.plist; path = "GoogleService-Info.plist"; sourceTree = SOURCE_ROOT; };
		1C9031E0287D07600038AEB9 /* AuthViewModel.swift */ = {isa = PBXFileReference; lastKnownFileType = sourcecode.swift; path = AuthViewModel.swift; sourceTree = "<group>"; };
		1CE8F53C28923EB7009EF22B /* XCTest.framework */ = {isa = PBXFileReference; lastKnownFileType = wrapper.framework; name = XCTest.framework; path = Platforms/iPhoneOS.platform/Developer/Library/Frameworks/XCTest.framework; sourceTree = DEVELOPER_DIR; };
		3857ABBD1B46657103F3AA7B /* Pods-TwitterSwiftUITests.release.xcconfig */ = {isa = PBXFileReference; includeInIndex = 1; lastKnownFileType = text.xcconfig; name = "Pods-TwitterSwiftUITests.release.xcconfig"; path = "Target Support Files/Pods-TwitterSwiftUITests/Pods-TwitterSwiftUITests.release.xcconfig"; sourceTree = "<group>"; };
		3B06E40877ADD4B31F3AE19A /* Pods_TwitterSwiftUI.framework */ = {isa = PBXFileReference; explicitFileType = wrapper.framework; includeInIndex = 0; path = Pods_TwitterSwiftUI.framework; sourceTree = BUILT_PRODUCTS_DIR; };
		53B972AE6628ED83621C72AD /* Pods-TwitterSwiftUI-TwitterSwiftUIUITests.debug.xcconfig */ = {isa = PBXFileReference; includeInIndex = 1; lastKnownFileType = text.xcconfig; name = "Pods-TwitterSwiftUI-TwitterSwiftUIUITests.debug.xcconfig"; path = "Target Support Files/Pods-TwitterSwiftUI-TwitterSwiftUIUITests/Pods-TwitterSwiftUI-TwitterSwiftUIUITests.debug.xcconfig"; sourceTree = "<group>"; };
		6A52097FCC1AB024C19186B7 /* Pods-TwitterSwiftUI.release.xcconfig */ = {isa = PBXFileReference; includeInIndex = 1; lastKnownFileType = text.xcconfig; name = "Pods-TwitterSwiftUI.release.xcconfig"; path = "Target Support Files/Pods-TwitterSwiftUI/Pods-TwitterSwiftUI.release.xcconfig"; sourceTree = "<group>"; };
		8574BC39E9F7B912AE8039CD /* Pods_TwitterSwiftUI_TwitterSwiftUIUITests.framework */ = {isa = PBXFileReference; explicitFileType = wrapper.framework; includeInIndex = 0; path = Pods_TwitterSwiftUI_TwitterSwiftUIUITests.framework; sourceTree = BUILT_PRODUCTS_DIR; };
		898B2D5A8250E3B0E19BBE1C /* Pods-TwitterSwiftUITests.debug.xcconfig */ = {isa = PBXFileReference; includeInIndex = 1; lastKnownFileType = text.xcconfig; name = "Pods-TwitterSwiftUITests.debug.xcconfig"; path = "Target Support Files/Pods-TwitterSwiftUITests/Pods-TwitterSwiftUITests.debug.xcconfig"; sourceTree = "<group>"; };
		CDE8290BAD5274A9AD49738D /* Pods-TwitterSwiftUI-TwitterSwiftUIUITests.release.xcconfig */ = {isa = PBXFileReference; includeInIndex = 1; lastKnownFileType = text.xcconfig; name = "Pods-TwitterSwiftUI-TwitterSwiftUIUITests.release.xcconfig"; path = "Target Support Files/Pods-TwitterSwiftUI-TwitterSwiftUIUITests/Pods-TwitterSwiftUI-TwitterSwiftUIUITests.release.xcconfig"; sourceTree = "<group>"; };
		E72D6E75805429ED0D459409 /* Pods_TwitterSwiftUITests.framework */ = {isa = PBXFileReference; explicitFileType = wrapper.framework; includeInIndex = 0; path = Pods_TwitterSwiftUITests.framework; sourceTree = BUILT_PRODUCTS_DIR; };
		EFD4E5562856B5DA00782F11 /* TwitterSwiftUI.app */ = {isa = PBXFileReference; explicitFileType = wrapper.application; includeInIndex = 0; path = TwitterSwiftUI.app; sourceTree = BUILT_PRODUCTS_DIR; };
		EFD4E5592856B5DA00782F11 /* TwitterSwiftUIApp.swift */ = {isa = PBXFileReference; lastKnownFileType = sourcecode.swift; path = TwitterSwiftUIApp.swift; sourceTree = "<group>"; };
		EFD4E55B2856B5DA00782F11 /* ContentView.swift */ = {isa = PBXFileReference; lastKnownFileType = sourcecode.swift; path = ContentView.swift; sourceTree = "<group>"; };
		EFD4E55D2856B5DC00782F11 /* Assets.xcassets */ = {isa = PBXFileReference; lastKnownFileType = folder.assetcatalog; path = Assets.xcassets; sourceTree = "<group>"; };
		EFD4E5602856B5DC00782F11 /* Preview Assets.xcassets */ = {isa = PBXFileReference; lastKnownFileType = folder.assetcatalog; path = "Preview Assets.xcassets"; sourceTree = "<group>"; };
		EFD4E5662856B5DC00782F11 /* TwitterSwiftUITests.xctest */ = {isa = PBXFileReference; explicitFileType = wrapper.cfbundle; includeInIndex = 0; path = TwitterSwiftUITests.xctest; sourceTree = BUILT_PRODUCTS_DIR; };
		EFD4E56A2856B5DC00782F11 /* TwitterSwiftUITests.swift */ = {isa = PBXFileReference; lastKnownFileType = sourcecode.swift; path = TwitterSwiftUITests.swift; sourceTree = "<group>"; };
		EFD4E5702856B5DC00782F11 /* TwitterSwiftUIUITests.xctest */ = {isa = PBXFileReference; explicitFileType = wrapper.cfbundle; includeInIndex = 0; path = TwitterSwiftUIUITests.xctest; sourceTree = BUILT_PRODUCTS_DIR; };
		EFD4E5742856B5DC00782F11 /* TwitterSwiftUIUITests.swift */ = {isa = PBXFileReference; lastKnownFileType = sourcecode.swift; path = TwitterSwiftUIUITests.swift; sourceTree = "<group>"; };
		EFD4E5762856B5DC00782F11 /* TwitterSwiftUIUITestsLaunchTests.swift */ = {isa = PBXFileReference; lastKnownFileType = sourcecode.swift; path = TwitterSwiftUIUITestsLaunchTests.swift; sourceTree = "<group>"; };
		EFD4E58B2856B69B00782F11 /* FeedView.swift */ = {isa = PBXFileReference; lastKnownFileType = sourcecode.swift; path = FeedView.swift; sourceTree = "<group>"; };
		EFD4E5902856B77D00782F11 /* TweetRowView.swift */ = {isa = PBXFileReference; lastKnownFileType = sourcecode.swift; path = TweetRowView.swift; sourceTree = "<group>"; };
		EFD4E5932856BC8700782F11 /* MainTabView.swift */ = {isa = PBXFileReference; lastKnownFileType = sourcecode.swift; path = MainTabView.swift; sourceTree = "<group>"; };
		EFD4E59B2856BE2400782F11 /* ExploreView.swift */ = {isa = PBXFileReference; lastKnownFileType = sourcecode.swift; path = ExploreView.swift; sourceTree = "<group>"; };
		EFD4E59D2856BE4200782F11 /* NotificationsView.swift */ = {isa = PBXFileReference; lastKnownFileType = sourcecode.swift; path = NotificationsView.swift; sourceTree = "<group>"; };
		EFD4E59F2856BE6400782F11 /* MessagesView.swift */ = {isa = PBXFileReference; lastKnownFileType = sourcecode.swift; path = MessagesView.swift; sourceTree = "<group>"; };
		EFD4E5A32858943100782F11 /* ProfileView.swift */ = {isa = PBXFileReference; lastKnownFileType = sourcecode.swift; path = ProfileView.swift; sourceTree = "<group>"; };
		EFD4E5A528589B7500782F11 /* TweetFilterViewModel.swift */ = {isa = PBXFileReference; lastKnownFileType = sourcecode.swift; path = TweetFilterViewModel.swift; sourceTree = "<group>"; };
		EFD4E5AA285C4BB500782F11 /* UserRowView.swift */ = {isa = PBXFileReference; lastKnownFileType = sourcecode.swift; path = UserRowView.swift; sourceTree = "<group>"; };
		EFD4E5AF285C4EED00782F11 /* SideMenuView.swift */ = {isa = PBXFileReference; lastKnownFileType = sourcecode.swift; path = SideMenuView.swift; sourceTree = "<group>"; };
		EFD4E5B3285C4F0600782F11 /* SideMenuViewModel.swift */ = {isa = PBXFileReference; lastKnownFileType = sourcecode.swift; path = SideMenuViewModel.swift; sourceTree = "<group>"; };
		EFD4E5B5285C511D00782F11 /* UserStatsView.swift */ = {isa = PBXFileReference; lastKnownFileType = sourcecode.swift; path = UserStatsView.swift; sourceTree = "<group>"; };
		EFD4E5B7285C5AB300782F11 /* SideMenuOptionRowView.swift */ = {isa = PBXFileReference; lastKnownFileType = sourcecode.swift; path = SideMenuOptionRowView.swift; sourceTree = "<group>"; };
/* End PBXFileReference section */

/* Begin PBXFrameworksBuildPhase section */
		1CE8F53628923BDC009EF22B /* Frameworks */ = {
			isa = PBXFrameworksBuildPhase;
			buildActionMask = 2147483647;
			files = (
				1C1D6BC428924DE900BBC6EB /* FirebaseFunctions in Frameworks */,
				1C1D6BBF28924DE900BBC6EB /* FirebaseDatabaseSwift in Frameworks */,
				1C1D6BC728924DE900BBC6EB /* FirebaseInAppMessagingSwift-Beta in Frameworks */,
				1C1D6BBA28924DE900BBC6EB /* FirebaseAppDistribution-Beta in Frameworks */,
				1C1D6BBC28924DE900BBC6EB /* FirebaseAuthCombine-Community in Frameworks */,
				1C1D6BC228924DE900BBC6EB /* FirebaseFirestoreCombine-Community in Frameworks */,
				1C1D6BB728924DE900BBC6EB /* FirebaseAnalyticsSwift in Frameworks */,
				1C1D6BB828924DE900BBC6EB /* FirebaseAnalyticsWithoutAdIdSupport in Frameworks */,
				1C1D6BB528924DE900BBC6EB /* FirebaseAnalytics in Frameworks */,
				1C1D6BCA28924DE900BBC6EB /* FirebaseMLModelDownloader in Frameworks */,
				1C1D6BC328924DE900BBC6EB /* FirebaseFirestoreSwift in Frameworks */,
				1C1D6BB628924DE900BBC6EB /* FirebaseAnalyticsOnDeviceConversion in Frameworks */,
				1C1D6BB928924DE900BBC6EB /* FirebaseAppCheck in Frameworks */,
				1C1D6BC628924DE900BBC6EB /* FirebaseInAppMessaging-Beta in Frameworks */,
				1C1D6BCB28924DE900BBC6EB /* FirebasePerformance in Frameworks */,
				1C1D6BC528924DE900BBC6EB /* FirebaseFunctionsCombine-Community in Frameworks */,
				1C1D6BBD28924DE900BBC6EB /* FirebaseCrashlytics in Frameworks */,
				1C1D6BC828924DE900BBC6EB /* FirebaseInstallations in Frameworks */,
				1C1D6BBE28924DE900BBC6EB /* FirebaseDatabase in Frameworks */,
				1C1D6BCC28924DE900BBC6EB /* FirebaseRemoteConfig in Frameworks */,
				1C1D6BCE28924DE900BBC6EB /* FirebaseStorage in Frameworks */,
				1CE8F53D28923EB8009EF22B /* XCTest.framework in Frameworks */,
				1C1D6BCF28924DE900BBC6EB /* FirebaseStorageCombine-Community in Frameworks */,
				1C1D6BBB28924DE900BBC6EB /* FirebaseAuth in Frameworks */,
				1C1D6BC028924DE900BBC6EB /* FirebaseDynamicLinks in Frameworks */,
				1C1D6BC928924DE900BBC6EB /* FirebaseMessaging in Frameworks */,
				1C1D6BC128924DE900BBC6EB /* FirebaseFirestore in Frameworks */,
				1C1D6BCD28924DE900BBC6EB /* FirebaseRemoteConfigSwift in Frameworks */,
				25FC78CB826FFF0BF5E088EA /* Pods_TwitterSwiftUI_TwitterSwiftUIUITests.framework in Frameworks */,
			);
			runOnlyForDeploymentPostprocessing = 0;
		};
		EFD4E5532856B5DA00782F11 /* Frameworks */ = {
			isa = PBXFrameworksBuildPhase;
			buildActionMask = 2147483647;
			files = (
				1C1D6BD32893692F00BBC6EB /* XCTest.framework in Frameworks */,
				1C863B502899E1B200723A6A /* SwiftlySalesforce in Frameworks */,
				1C9031D9287BA4550038AEB9 /* FirebaseAuth in Frameworks */,
				1C9031DF287BA4550038AEB9 /* FirebaseStorage in Frameworks */,
				1C4E122728A3665D00514A2D /* Kingfisher in Frameworks */,
				1C9031DB287BA4550038AEB9 /* FirebaseFirestore in Frameworks */,
				1C9031DD287BA4550038AEB9 /* FirebaseFirestoreSwift in Frameworks */,
				6A15EC88B2CF3DD679DEE449 /* Pods_TwitterSwiftUI.framework in Frameworks */,
			);
			runOnlyForDeploymentPostprocessing = 0;
		};
		EFD4E5632856B5DC00782F11 /* Frameworks */ = {
			isa = PBXFrameworksBuildPhase;
			buildActionMask = 2147483647;
			files = (
				BFB51FECDDDDA44759B78001 /* Pods_TwitterSwiftUITests.framework in Frameworks */,
			);
			runOnlyForDeploymentPostprocessing = 0;
		};
/* End PBXFrameworksBuildPhase section */

/* Begin PBXGroup section */
		1C2011BE28A1D7A300119936 /* Utils */ = {
			isa = PBXGroup;
			children = (
				1C2011BF28A1D7AF00119936 /* ImagePicker.swift */,
			);
			path = Utils;
			sourceTree = "<group>";
		};
		1C34693328A33F2100FAB684 /* Model */ = {
			isa = PBXGroup;
			children = (
				1C34693528A33F7100FAB684 /* User.swift */,
				1C4E123828A5E47600514A2D /* Tweet.swift */,
			);
			path = Model;
			sourceTree = "<group>";
		};
		1C34693428A33F6500FAB684 /* Extensions */ = {
			isa = PBXGroup;
			children = (
			);
			path = Extensions;
			sourceTree = "<group>";
		};
		1C4E122828A3917800514A2D /* ViewModels */ = {
			isa = PBXGroup;
			children = (
				1C4E122D28A391B100514A2D /* ExploreViewModel.swift */,
			);
			path = ViewModels;
			sourceTree = "<group>";
		};
		1C4E123528A5E2BC00514A2D /* ViewModels */ = {
			isa = PBXGroup;
			children = (
				1C4E123628A5E2CC00514A2D /* FeedViewModel.swift */,
			);
			path = ViewModels;
			sourceTree = "<group>";
		};
		1C4E123C28A61F2A00514A2D /* Views */ = {
			isa = PBXGroup;
			children = (
				EFD4E5902856B77D00782F11 /* TweetRowView.swift */,
			);
			path = Views;
			sourceTree = "<group>";
		};
		1C4E123D28A61F3200514A2D /* ViewModel */ = {
			isa = PBXGroup;
			children = (
				1C4E123E28A61F8200514A2D /* TweetRowViewModel.swift */,
			);
			path = ViewModel;
			sourceTree = "<group>";
		};
		1C68CA81287AA868002088A4 /* UploadTweet */ = {
			isa = PBXGroup;
			children = (
				1C68CA83287AA874002088A4 /* ViewModels */,
				1C68CA82287AA871002088A4 /* Views */,
			);
			path = UploadTweet;
			sourceTree = "<group>";
		};
		1C68CA82287AA871002088A4 /* Views */ = {
			isa = PBXGroup;
			children = (
				1C68CA84287AA886002088A4 /* NewTweetView.swift */,
			);
			path = Views;
			sourceTree = "<group>";
		};
		1C68CA83287AA874002088A4 /* ViewModels */ = {
			isa = PBXGroup;
			children = (
				1C4E123328A4C13500514A2D /* UploadTweetViewModel.swift */,
			);
			path = ViewModels;
			sourceTree = "<group>";
		};
		1C68CA88287AABE5002088A4 /* Authentication */ = {
			isa = PBXGroup;
			children = (
				1C68CA8A287AABF1002088A4 /* Views */,
				1C68CA89287AABEA002088A4 /* ViewModel */,
			);
			path = Authentication;
			sourceTree = "<group>";
		};
		1C68CA89287AABEA002088A4 /* ViewModel */ = {
			isa = PBXGroup;
			children = (
				1C9031E0287D07600038AEB9 /* AuthViewModel.swift */,
			);
			path = ViewModel;
			sourceTree = "<group>";
		};
		1C68CA8A287AABF1002088A4 /* Views */ = {
			isa = PBXGroup;
			children = (
				1C68CA8B287AABFE002088A4 /* LoginView.swift */,
				1C68CA8D287AAC08002088A4 /* RegistrationView.swift */,
				1C2011BC28A1CD3800119936 /* ProfilePhotoSelectorView.swift */,
			);
			path = Views;
			sourceTree = "<group>";
		};
		1C9031D2287AB2C60038AEB9 /* Authentication */ = {
			isa = PBXGroup;
			children = (
				1C9031D3287AB2D50038AEB9 /* AuthHeaderView.swift */,
			);
			path = Authentication;
			sourceTree = "<group>";
		};
		1CE8F4FF2892202A009EF22B /* Frameworks */ = {
			isa = PBXGroup;
			children = (
				1CE8F53C28923EB7009EF22B /* XCTest.framework */,
				3B06E40877ADD4B31F3AE19A /* Pods_TwitterSwiftUI.framework */,
				8574BC39E9F7B912AE8039CD /* Pods_TwitterSwiftUI_TwitterSwiftUIUITests.framework */,
				E72D6E75805429ED0D459409 /* Pods_TwitterSwiftUITests.framework */,
			);
			name = Frameworks;
			sourceTree = "<group>";
		};
		744D19CF3740648D822BA8B8 /* Pods */ = {
			isa = PBXGroup;
			children = (
				0F61B0C6FD54CB1AC6AA7548 /* Pods-TwitterSwiftUI.debug.xcconfig */,
				6A52097FCC1AB024C19186B7 /* Pods-TwitterSwiftUI.release.xcconfig */,
				53B972AE6628ED83621C72AD /* Pods-TwitterSwiftUI-TwitterSwiftUIUITests.debug.xcconfig */,
				CDE8290BAD5274A9AD49738D /* Pods-TwitterSwiftUI-TwitterSwiftUIUITests.release.xcconfig */,
				898B2D5A8250E3B0E19BBE1C /* Pods-TwitterSwiftUITests.debug.xcconfig */,
				3857ABBD1B46657103F3AA7B /* Pods-TwitterSwiftUITests.release.xcconfig */,
			);
			path = Pods;
			sourceTree = "<group>";
		};
		EFD4E54D2856B5DA00782F11 = {
			isa = PBXGroup;
			children = (
				EFD4E5582856B5DA00782F11 /* TwitterSwiftUI */,
				EFD4E5692856B5DC00782F11 /* TwitterSwiftUITests */,
				EFD4E5732856B5DC00782F11 /* TwitterSwiftUIUITests */,
				EFD4E5572856B5DA00782F11 /* Products */,
				1CE8F4FF2892202A009EF22B /* Frameworks */,
				744D19CF3740648D822BA8B8 /* Pods */,
			);
			sourceTree = "<group>";
		};
		EFD4E5572856B5DA00782F11 /* Products */ = {
			isa = PBXGroup;
			children = (
				EFD4E5562856B5DA00782F11 /* TwitterSwiftUI.app */,
				EFD4E5662856B5DC00782F11 /* TwitterSwiftUITests.xctest */,
				EFD4E5702856B5DC00782F11 /* TwitterSwiftUIUITests.xctest */,
			);
			name = Products;
			sourceTree = "<group>";
		};
		EFD4E5582856B5DA00782F11 /* TwitterSwiftUI */ = {
			isa = PBXGroup;
			children = (
				1C34693428A33F6500FAB684 /* Extensions */,
				1C34693328A33F2100FAB684 /* Model */,
				1C2011BE28A1D7A300119936 /* Utils */,
				EFD4E5862856B62E00782F11 /* Core */,
				EFD4E5852856B62700782F11 /* Service */,
				EFD4E5592856B5DA00782F11 /* TwitterSwiftUIApp.swift */,
				EFD4E55B2856B5DA00782F11 /* ContentView.swift */,
				EFD4E55D2856B5DC00782F11 /* Assets.xcassets */,
				1C9031D5287BA32F0038AEB9 /* GoogleService-Info.plist */,
				EFD4E55F2856B5DC00782F11 /* Preview Content */,
			);
			path = TwitterSwiftUI;
			sourceTree = "<group>";
		};
		EFD4E55F2856B5DC00782F11 /* Preview Content */ = {
			isa = PBXGroup;
			children = (
				EFD4E5602856B5DC00782F11 /* Preview Assets.xcassets */,
			);
			path = "Preview Content";
			sourceTree = "<group>";
		};
		EFD4E5692856B5DC00782F11 /* TwitterSwiftUITests */ = {
			isa = PBXGroup;
			children = (
				EFD4E56A2856B5DC00782F11 /* TwitterSwiftUITests.swift */,
			);
			path = TwitterSwiftUITests;
			sourceTree = "<group>";
		};
		EFD4E5732856B5DC00782F11 /* TwitterSwiftUIUITests */ = {
			isa = PBXGroup;
			children = (
				EFD4E5742856B5DC00782F11 /* TwitterSwiftUIUITests.swift */,
				EFD4E5762856B5DC00782F11 /* TwitterSwiftUIUITestsLaunchTests.swift */,
			);
			path = TwitterSwiftUIUITests;
			sourceTree = "<group>";
		};
		EFD4E5852856B62700782F11 /* Service */ = {
			isa = PBXGroup;
			children = (
				1C2011C128A2161900119936 /* ImageUploader.swift */,
				1C2F8D9C28A32186001E5723 /* UserService.swift */,
				1C4E123128A4BE6200514A2D /* TweetService.swift */,
			);
			path = Service;
			sourceTree = "<group>";
		};
		EFD4E5862856B62E00782F11 /* Core */ = {
			isa = PBXGroup;
			children = (
				1C68CA88287AABE5002088A4 /* Authentication */,
				1C68CA81287AA868002088A4 /* UploadTweet */,
				EFD4E5872856B63700782F11 /* Components */,
				EFD4E5AC285C4ECB00782F11 /* SideMenu */,
				EFD4E59A2856BE0800782F11 /* Profile */,
				EFD4E5992856BDC900782F11 /* Explore */,
				EFD4E5972856BDC400782F11 /* Notifications */,
				EFD4E5952856BDB500782F11 /* Messages */,
				EFD4E5922856BC6400782F11 /* MainTab */,
				EFD4E5882856B63D00782F11 /* Feed */,
			);
			path = Core;
			sourceTree = "<group>";
		};
		EFD4E5872856B63700782F11 /* Components */ = {
			isa = PBXGroup;
			children = (
				1C9031D2287AB2C60038AEB9 /* Authentication */,
				EFD4E5A9285C4BA500782F11 /* Users */,
				EFD4E58D2856B73700782F11 /* Tweets */,
				1C68CA86287AA985002088A4 /* TextArea.swift */,
				1C9031CE287AAD3C0038AEB9 /* RoundedShape.swift */,
				1C9031D0287AB1500038AEB9 /* CustomInputField.swift */,
				1C4E122F28A4B42F00514A2D /* SearchBar.swift */,
			);
			path = Components;
			sourceTree = "<group>";
		};
		EFD4E5882856B63D00782F11 /* Feed */ = {
			isa = PBXGroup;
			children = (
				1C4E123528A5E2BC00514A2D /* ViewModels */,
				EFD4E58A2856B68200782F11 /* View */,
			);
			path = Feed;
			sourceTree = "<group>";
		};
		EFD4E58A2856B68200782F11 /* View */ = {
			isa = PBXGroup;
			children = (
				EFD4E58B2856B69B00782F11 /* FeedView.swift */,
			);
			path = View;
			sourceTree = "<group>";
		};
		EFD4E58D2856B73700782F11 /* Tweets */ = {
			isa = PBXGroup;
			children = (
				1C4E123D28A61F3200514A2D /* ViewModel */,
				1C4E123C28A61F2A00514A2D /* Views */,
			);
			path = Tweets;
			sourceTree = "<group>";
		};
		EFD4E5922856BC6400782F11 /* MainTab */ = {
			isa = PBXGroup;
			children = (
				EFD4E5932856BC8700782F11 /* MainTabView.swift */,
			);
			path = MainTab;
			sourceTree = "<group>";
		};
		EFD4E5952856BDB500782F11 /* Messages */ = {
			isa = PBXGroup;
			children = (
				EFD4E59F2856BE6400782F11 /* MessagesView.swift */,
			);
			path = Messages;
			sourceTree = "<group>";
		};
		EFD4E5972856BDC400782F11 /* Notifications */ = {
			isa = PBXGroup;
			children = (
				EFD4E59D2856BE4200782F11 /* NotificationsView.swift */,
			);
			path = Notifications;
			sourceTree = "<group>";
		};
		EFD4E5992856BDC900782F11 /* Explore */ = {
			isa = PBXGroup;
			children = (
				1C4E122828A3917800514A2D /* ViewModels */,
				EFD4E5A7285C4B7B00782F11 /* Views */,
			);
			path = Explore;
			sourceTree = "<group>";
		};
		EFD4E59A2856BE0800782F11 /* Profile */ = {
			isa = PBXGroup;
			children = (
				EFD4E5A22858942700782F11 /* Views */,
				EFD4E5A12858941F00782F11 /* ViewModels */,
			);
			path = Profile;
			sourceTree = "<group>";
		};
		EFD4E5A12858941F00782F11 /* ViewModels */ = {
			isa = PBXGroup;
			children = (
				EFD4E5A528589B7500782F11 /* TweetFilterViewModel.swift */,
				1C4E123A28A5F6A200514A2D /* ProfileViewModel.swift */,
			);
			path = ViewModels;
			sourceTree = "<group>";
		};
		EFD4E5A22858942700782F11 /* Views */ = {
			isa = PBXGroup;
			children = (
				EFD4E5A32858943100782F11 /* ProfileView.swift */,
			);
			path = Views;
			sourceTree = "<group>";
		};
		EFD4E5A7285C4B7B00782F11 /* Views */ = {
			isa = PBXGroup;
			children = (
				EFD4E59B2856BE2400782F11 /* ExploreView.swift */,
			);
			path = Views;
			sourceTree = "<group>";
		};
		EFD4E5A9285C4BA500782F11 /* Users */ = {
			isa = PBXGroup;
			children = (
				EFD4E5AA285C4BB500782F11 /* UserRowView.swift */,
				EFD4E5B5285C511D00782F11 /* UserStatsView.swift */,
			);
			path = Users;
			sourceTree = "<group>";
		};
		EFD4E5AC285C4ECB00782F11 /* SideMenu */ = {
			isa = PBXGroup;
			children = (
				EFD4E5AE285C4EDF00782F11 /* Views */,
				EFD4E5AD285C4ED900782F11 /* ViewModels */,
			);
			path = SideMenu;
			sourceTree = "<group>";
		};
		EFD4E5AD285C4ED900782F11 /* ViewModels */ = {
			isa = PBXGroup;
			children = (
				EFD4E5B3285C4F0600782F11 /* SideMenuViewModel.swift */,
			);
			path = ViewModels;
			sourceTree = "<group>";
		};
		EFD4E5AE285C4EDF00782F11 /* Views */ = {
			isa = PBXGroup;
			children = (
				EFD4E5AF285C4EED00782F11 /* SideMenuView.swift */,
				EFD4E5B7285C5AB300782F11 /* SideMenuOptionRowView.swift */,
			);
			path = Views;
			sourceTree = "<group>";
		};
/* End PBXGroup section */

/* Begin PBXNativeTarget section */
		EFD4E5552856B5DA00782F11 /* TwitterSwiftUI */ = {
			isa = PBXNativeTarget;
			buildConfigurationList = EFD4E57A2856B5DC00782F11 /* Build configuration list for PBXNativeTarget "TwitterSwiftUI" */;
			buildPhases = (
				1BFE3501A583AE1890278C76 /* [CP] Check Pods Manifest.lock */,
				EFD4E5522856B5DA00782F11 /* Sources */,
				EFD4E5532856B5DA00782F11 /* Frameworks */,
				EFD4E5542856B5DA00782F11 /* Resources */,
			);
			buildRules = (
			);
			dependencies = (
			);
			name = TwitterSwiftUI;
			packageProductDependencies = (
				1C9031D8287BA4550038AEB9 /* FirebaseAuth */,
				1C9031DA287BA4550038AEB9 /* FirebaseFirestore */,
				1C9031DC287BA4550038AEB9 /* FirebaseFirestoreSwift */,
				1C9031DE287BA4550038AEB9 /* FirebaseStorage */,
				1C863B4F2899E1B200723A6A /* SwiftlySalesforce */,
				1C4E122628A3665D00514A2D /* Kingfisher */,
			);
			productName = TwitterSwiftUI;
			productReference = EFD4E5562856B5DA00782F11 /* TwitterSwiftUI.app */;
			productType = "com.apple.product-type.application";
		};
		EFD4E5652856B5DC00782F11 /* TwitterSwiftUITests */ = {
			isa = PBXNativeTarget;
			buildConfigurationList = EFD4E57D2856B5DC00782F11 /* Build configuration list for PBXNativeTarget "TwitterSwiftUITests" */;
			buildPhases = (
				41CA3FC4473D16FB41796C04 /* [CP] Check Pods Manifest.lock */,
				EFD4E5622856B5DC00782F11 /* Sources */,
				EFD4E5632856B5DC00782F11 /* Frameworks */,
				EFD4E5642856B5DC00782F11 /* Resources */,
			);
			buildRules = (
			);
			dependencies = (
				EFD4E5682856B5DC00782F11 /* PBXTargetDependency */,
			);
			name = TwitterSwiftUITests;
			productName = TwitterSwiftUITests;
			productReference = EFD4E5662856B5DC00782F11 /* TwitterSwiftUITests.xctest */;
			productType = "com.apple.product-type.bundle.unit-test";
		};
		EFD4E56F2856B5DC00782F11 /* TwitterSwiftUIUITests */ = {
			isa = PBXNativeTarget;
			buildConfigurationList = EFD4E5802856B5DC00782F11 /* Build configuration list for PBXNativeTarget "TwitterSwiftUIUITests" */;
			buildPhases = (
				DDF836137C96DB7E010F611C /* [CP] Check Pods Manifest.lock */,
				EFD4E56C2856B5DC00782F11 /* Sources */,
				1CE8F53628923BDC009EF22B /* Frameworks */,
				EFD4E56E2856B5DC00782F11 /* Resources */,
				DFF0B57A068A399647102DFC /* [CP] Embed Pods Frameworks */,
			);
			buildRules = (
			);
			dependencies = (
				EFD4E5722856B5DC00782F11 /* PBXTargetDependency */,
			);
			name = TwitterSwiftUIUITests;
			packageProductDependencies = (
				1CE8F5002892202A009EF22B /* FirebaseAnalytics */,
				1CE8F5022892202A009EF22B /* FirebaseAnalyticsOnDeviceConversion */,
				1CE8F5042892202A009EF22B /* FirebaseAnalyticsSwift */,
				1CE8F5062892202A009EF22B /* FirebaseAnalyticsWithoutAdIdSupport */,
				1CE8F5082892202A009EF22B /* FirebaseAppCheck */,
				1CE8F50A2892202A009EF22B /* FirebaseAppDistribution-Beta */,
				1CE8F50C2892202A009EF22B /* FirebaseAuth */,
				1CE8F50E2892202A009EF22B /* FirebaseAuthCombine-Community */,
				1CE8F5102892202A009EF22B /* FirebaseCrashlytics */,
				1CE8F5122892202A009EF22B /* FirebaseDatabase */,
				1CE8F5142892202A009EF22B /* FirebaseDatabaseSwift */,
				1CE8F5162892202A009EF22B /* FirebaseDynamicLinks */,
				1CE8F5182892202A009EF22B /* FirebaseFirestore */,
				1CE8F51A2892202A009EF22B /* FirebaseFirestoreCombine-Community */,
				1CE8F51C2892202A009EF22B /* FirebaseFirestoreSwift */,
				1CE8F51E2892202A009EF22B /* FirebaseFunctions */,
				1CE8F5202892202A009EF22B /* FirebaseFunctionsCombine-Community */,
				1CE8F5222892202A009EF22B /* FirebaseInAppMessaging-Beta */,
				1CE8F5242892202A009EF22B /* FirebaseInAppMessagingSwift-Beta */,
				1CE8F5262892202A009EF22B /* FirebaseInstallations */,
				1CE8F5282892202A009EF22B /* FirebaseMessaging */,
				1CE8F52A2892202A009EF22B /* FirebaseMLModelDownloader */,
				1CE8F52C2892202A009EF22B /* FirebasePerformance */,
				1CE8F52E2892202A009EF22B /* FirebaseRemoteConfig */,
				1CE8F5302892202A009EF22B /* FirebaseRemoteConfigSwift */,
				1CE8F5322892202A009EF22B /* FirebaseStorage */,
				1CE8F5342892202A009EF22B /* FirebaseStorageCombine-Community */,
			);
			productName = TwitterSwiftUIUITests;
			productReference = EFD4E5702856B5DC00782F11 /* TwitterSwiftUIUITests.xctest */;
			productType = "com.apple.product-type.bundle.ui-testing";
		};
/* End PBXNativeTarget section */

/* Begin PBXProject section */
		EFD4E54E2856B5DA00782F11 /* Project object */ = {
			isa = PBXProject;
			attributes = {
				BuildIndependentTargetsInParallel = 1;
				LastSwiftUpdateCheck = 1340;
				LastUpgradeCheck = 1340;
				TargetAttributes = {
					EFD4E5552856B5DA00782F11 = {
						CreatedOnToolsVersion = 13.4.1;
					};
					EFD4E5652856B5DC00782F11 = {
						CreatedOnToolsVersion = 13.4.1;
						TestTargetID = EFD4E5552856B5DA00782F11;
					};
					EFD4E56F2856B5DC00782F11 = {
						CreatedOnToolsVersion = 13.4.1;
						TestTargetID = EFD4E5552856B5DA00782F11;
					};
				};
			};
			buildConfigurationList = EFD4E5512856B5DA00782F11 /* Build configuration list for PBXProject "TwitterSwiftUI" */;
			compatibilityVersion = "Xcode 13.0";
			developmentRegion = en;
			hasScannedForEncodings = 0;
			knownRegions = (
				en,
				Base,
			);
			mainGroup = EFD4E54D2856B5DA00782F11;
			packageReferences = (
				1C9031D7287BA4550038AEB9 /* XCRemoteSwiftPackageReference "firebase-ios-sdk" */,
				1C863B4E2899E1B200723A6A /* XCRemoteSwiftPackageReference "SwiftlySalesforce" */,
				1C4E122528A3665D00514A2D /* XCRemoteSwiftPackageReference "Kingfisher" */,
			);
			productRefGroup = EFD4E5572856B5DA00782F11 /* Products */;
			projectDirPath = "";
			projectRoot = "";
			targets = (
				EFD4E5552856B5DA00782F11 /* TwitterSwiftUI */,
				EFD4E5652856B5DC00782F11 /* TwitterSwiftUITests */,
				EFD4E56F2856B5DC00782F11 /* TwitterSwiftUIUITests */,
			);
		};
/* End PBXProject section */

/* Begin PBXResourcesBuildPhase section */
		EFD4E5542856B5DA00782F11 /* Resources */ = {
			isa = PBXResourcesBuildPhase;
			buildActionMask = 2147483647;
			files = (
				EFD4E5612856B5DC00782F11 /* Preview Assets.xcassets in Resources */,
				EFD4E55E2856B5DC00782F11 /* Assets.xcassets in Resources */,
				1C9031D6287BA32F0038AEB9 /* GoogleService-Info.plist in Resources */,
			);
			runOnlyForDeploymentPostprocessing = 0;
		};
		EFD4E5642856B5DC00782F11 /* Resources */ = {
			isa = PBXResourcesBuildPhase;
			buildActionMask = 2147483647;
			files = (
			);
			runOnlyForDeploymentPostprocessing = 0;
		};
		EFD4E56E2856B5DC00782F11 /* Resources */ = {
			isa = PBXResourcesBuildPhase;
			buildActionMask = 2147483647;
			files = (
			);
			runOnlyForDeploymentPostprocessing = 0;
		};
/* End PBXResourcesBuildPhase section */

/* Begin PBXShellScriptBuildPhase section */
		1BFE3501A583AE1890278C76 /* [CP] Check Pods Manifest.lock */ = {
			isa = PBXShellScriptBuildPhase;
			buildActionMask = 2147483647;
			files = (
			);
			inputFileListPaths = (
			);
			inputPaths = (
				"${PODS_PODFILE_DIR_PATH}/Podfile.lock",
				"${PODS_ROOT}/Manifest.lock",
			);
			name = "[CP] Check Pods Manifest.lock";
			outputFileListPaths = (
			);
			outputPaths = (
				"$(DERIVED_FILE_DIR)/Pods-TwitterSwiftUI-checkManifestLockResult.txt",
			);
			runOnlyForDeploymentPostprocessing = 0;
			shellPath = /bin/sh;
			shellScript = "diff \"${PODS_PODFILE_DIR_PATH}/Podfile.lock\" \"${PODS_ROOT}/Manifest.lock\" > /dev/null\nif [ $? != 0 ] ; then\n    # print error to STDERR\n    echo \"error: The sandbox is not in sync with the Podfile.lock. Run 'pod install' or update your CocoaPods installation.\" >&2\n    exit 1\nfi\n# This output is used by Xcode 'outputs' to avoid re-running this script phase.\necho \"SUCCESS\" > \"${SCRIPT_OUTPUT_FILE_0}\"\n";
			showEnvVarsInLog = 0;
		};
		41CA3FC4473D16FB41796C04 /* [CP] Check Pods Manifest.lock */ = {
			isa = PBXShellScriptBuildPhase;
			buildActionMask = 2147483647;
			files = (
			);
			inputFileListPaths = (
			);
			inputPaths = (
				"${PODS_PODFILE_DIR_PATH}/Podfile.lock",
				"${PODS_ROOT}/Manifest.lock",
			);
			name = "[CP] Check Pods Manifest.lock";
			outputFileListPaths = (
			);
			outputPaths = (
				"$(DERIVED_FILE_DIR)/Pods-TwitterSwiftUITests-checkManifestLockResult.txt",
			);
			runOnlyForDeploymentPostprocessing = 0;
			shellPath = /bin/sh;
			shellScript = "diff \"${PODS_PODFILE_DIR_PATH}/Podfile.lock\" \"${PODS_ROOT}/Manifest.lock\" > /dev/null\nif [ $? != 0 ] ; then\n    # print error to STDERR\n    echo \"error: The sandbox is not in sync with the Podfile.lock. Run 'pod install' or update your CocoaPods installation.\" >&2\n    exit 1\nfi\n# This output is used by Xcode 'outputs' to avoid re-running this script phase.\necho \"SUCCESS\" > \"${SCRIPT_OUTPUT_FILE_0}\"\n";
			showEnvVarsInLog = 0;
		};
		DDF836137C96DB7E010F611C /* [CP] Check Pods Manifest.lock */ = {
			isa = PBXShellScriptBuildPhase;
			buildActionMask = 2147483647;
			files = (
			);
			inputFileListPaths = (
			);
			inputPaths = (
				"${PODS_PODFILE_DIR_PATH}/Podfile.lock",
				"${PODS_ROOT}/Manifest.lock",
			);
			name = "[CP] Check Pods Manifest.lock";
			outputFileListPaths = (
			);
			outputPaths = (
				"$(DERIVED_FILE_DIR)/Pods-TwitterSwiftUI-TwitterSwiftUIUITests-checkManifestLockResult.txt",
			);
			runOnlyForDeploymentPostprocessing = 0;
			shellPath = /bin/sh;
			shellScript = "diff \"${PODS_PODFILE_DIR_PATH}/Podfile.lock\" \"${PODS_ROOT}/Manifest.lock\" > /dev/null\nif [ $? != 0 ] ; then\n    # print error to STDERR\n    echo \"error: The sandbox is not in sync with the Podfile.lock. Run 'pod install' or update your CocoaPods installation.\" >&2\n    exit 1\nfi\n# This output is used by Xcode 'outputs' to avoid re-running this script phase.\necho \"SUCCESS\" > \"${SCRIPT_OUTPUT_FILE_0}\"\n";
			showEnvVarsInLog = 0;
		};
		DFF0B57A068A399647102DFC /* [CP] Embed Pods Frameworks */ = {
			isa = PBXShellScriptBuildPhase;
			buildActionMask = 2147483647;
			files = (
			);
			inputFileListPaths = (
				"${PODS_ROOT}/Target Support Files/Pods-TwitterSwiftUI-TwitterSwiftUIUITests/Pods-TwitterSwiftUI-TwitterSwiftUIUITests-frameworks-${CONFIGURATION}-input-files.xcfilelist",
			);
			name = "[CP] Embed Pods Frameworks";
			outputFileListPaths = (
				"${PODS_ROOT}/Target Support Files/Pods-TwitterSwiftUI-TwitterSwiftUIUITests/Pods-TwitterSwiftUI-TwitterSwiftUIUITests-frameworks-${CONFIGURATION}-output-files.xcfilelist",
			);
			runOnlyForDeploymentPostprocessing = 0;
			shellPath = /bin/sh;
			shellScript = "\"${PODS_ROOT}/Target Support Files/Pods-TwitterSwiftUI-TwitterSwiftUIUITests/Pods-TwitterSwiftUI-TwitterSwiftUIUITests-frameworks.sh\"\n";
			showEnvVarsInLog = 0;
		};
/* End PBXShellScriptBuildPhase section */

/* Begin PBXSourcesBuildPhase section */
		EFD4E5522856B5DA00782F11 /* Sources */ = {
			isa = PBXSourcesBuildPhase;
			buildActionMask = 2147483647;
			files = (
				EFD4E5A02856BE6400782F11 /* MessagesView.swift in Sources */,
				EFD4E5A42858943100782F11 /* ProfileView.swift in Sources */,
				1C2F8D9D28A32186001E5723 /* UserService.swift in Sources */,
				EFD4E55C2856B5DA00782F11 /* ContentView.swift in Sources */,
				EFD4E5912856B77D00782F11 /* TweetRowView.swift in Sources */,
				1C4E123928A5E47600514A2D /* Tweet.swift in Sources */,
				1C4E123728A5E2CC00514A2D /* FeedViewModel.swift in Sources */,
				1C9031D1287AB1500038AEB9 /* CustomInputField.swift in Sources */,
				1C4E122E28A391B100514A2D /* ExploreViewModel.swift in Sources */,
				1C2011C228A2161900119936 /* ImageUploader.swift in Sources */,
				EFD4E5A628589B7500782F11 /* TweetFilterViewModel.swift in Sources */,
				EFD4E58C2856B69B00782F11 /* FeedView.swift in Sources */,
				1C9031D4287AB2D50038AEB9 /* AuthHeaderView.swift in Sources */,
				EFD4E5B0285C4EED00782F11 /* SideMenuView.swift in Sources */,
				EFD4E55A2856B5DA00782F11 /* TwitterSwiftUIApp.swift in Sources */,
				EFD4E59C2856BE2400782F11 /* ExploreView.swift in Sources */,
				EFD4E5B4285C4F0600782F11 /* SideMenuViewModel.swift in Sources */,
				1C4E123428A4C13500514A2D /* UploadTweetViewModel.swift in Sources */,
				1C4E123228A4BE6200514A2D /* TweetService.swift in Sources */,
				1C4E123F28A61F8200514A2D /* TweetRowViewModel.swift in Sources */,
				1C68CA87287AA985002088A4 /* TextArea.swift in Sources */,
				1C2011C028A1D7AF00119936 /* ImagePicker.swift in Sources */,
				1C4E123028A4B42F00514A2D /* SearchBar.swift in Sources */,
				EFD4E5AB285C4BB500782F11 /* UserRowView.swift in Sources */,
				1C2011BD28A1CD3800119936 /* ProfilePhotoSelectorView.swift in Sources */,
				1C68CA8C287AABFE002088A4 /* LoginView.swift in Sources */,
				1C68CA8E287AAC08002088A4 /* RegistrationView.swift in Sources */,
				1C34693628A33F7100FAB684 /* User.swift in Sources */,
				1C68CA85287AA886002088A4 /* NewTweetView.swift in Sources */,
				1C9031E1287D07600038AEB9 /* AuthViewModel.swift in Sources */,
				1C9031CF287AAD3C0038AEB9 /* RoundedShape.swift in Sources */,
				EFD4E5B8285C5AB300782F11 /* SideMenuOptionRowView.swift in Sources */,
				EFD4E5942856BC8700782F11 /* MainTabView.swift in Sources */,
				EFD4E59E2856BE4200782F11 /* NotificationsView.swift in Sources */,
				EFD4E5B6285C511D00782F11 /* UserStatsView.swift in Sources */,
				1C4E123B28A5F6A200514A2D /* ProfileViewModel.swift in Sources */,
			);
			runOnlyForDeploymentPostprocessing = 0;
		};
		EFD4E5622856B5DC00782F11 /* Sources */ = {
			isa = PBXSourcesBuildPhase;
			buildActionMask = 2147483647;
			files = (
				EFD4E56B2856B5DC00782F11 /* TwitterSwiftUITests.swift in Sources */,
			);
			runOnlyForDeploymentPostprocessing = 0;
		};
		EFD4E56C2856B5DC00782F11 /* Sources */ = {
			isa = PBXSourcesBuildPhase;
			buildActionMask = 2147483647;
			files = (
				EFD4E5772856B5DC00782F11 /* TwitterSwiftUIUITestsLaunchTests.swift in Sources */,
				1C1D6BD528936D1700BBC6EB /* TwitterSwiftUIUITests.swift in Sources */,
			);
			runOnlyForDeploymentPostprocessing = 0;
		};
/* End PBXSourcesBuildPhase section */

/* Begin PBXTargetDependency section */
		EFD4E5682856B5DC00782F11 /* PBXTargetDependency */ = {
			isa = PBXTargetDependency;
			target = EFD4E5552856B5DA00782F11 /* TwitterSwiftUI */;
			targetProxy = EFD4E5672856B5DC00782F11 /* PBXContainerItemProxy */;
		};
		EFD4E5722856B5DC00782F11 /* PBXTargetDependency */ = {
			isa = PBXTargetDependency;
			target = EFD4E5552856B5DA00782F11 /* TwitterSwiftUI */;
			targetProxy = EFD4E5712856B5DC00782F11 /* PBXContainerItemProxy */;
		};
/* End PBXTargetDependency section */

/* Begin XCBuildConfiguration section */
		EFD4E5782856B5DC00782F11 /* Debug */ = {
			isa = XCBuildConfiguration;
			buildSettings = {
				ALWAYS_SEARCH_USER_PATHS = NO;
				CLANG_ANALYZER_NONNULL = YES;
				CLANG_ANALYZER_NUMBER_OBJECT_CONVERSION = YES_AGGRESSIVE;
				CLANG_CXX_LANGUAGE_STANDARD = "gnu++17";
				CLANG_ENABLE_MODULES = YES;
				CLANG_ENABLE_OBJC_ARC = YES;
				CLANG_ENABLE_OBJC_WEAK = YES;
				CLANG_WARN_BLOCK_CAPTURE_AUTORELEASING = YES;
				CLANG_WARN_BOOL_CONVERSION = YES;
				CLANG_WARN_COMMA = YES;
				CLANG_WARN_CONSTANT_CONVERSION = YES;
				CLANG_WARN_DEPRECATED_OBJC_IMPLEMENTATIONS = YES;
				CLANG_WARN_DIRECT_OBJC_ISA_USAGE = YES_ERROR;
				CLANG_WARN_DOCUMENTATION_COMMENTS = YES;
				CLANG_WARN_EMPTY_BODY = YES;
				CLANG_WARN_ENUM_CONVERSION = YES;
				CLANG_WARN_INFINITE_RECURSION = YES;
				CLANG_WARN_INT_CONVERSION = YES;
				CLANG_WARN_NON_LITERAL_NULL_CONVERSION = YES;
				CLANG_WARN_OBJC_IMPLICIT_RETAIN_SELF = YES;
				CLANG_WARN_OBJC_LITERAL_CONVERSION = YES;
				CLANG_WARN_OBJC_ROOT_CLASS = YES_ERROR;
				CLANG_WARN_QUOTED_INCLUDE_IN_FRAMEWORK_HEADER = YES;
				CLANG_WARN_RANGE_LOOP_ANALYSIS = YES;
				CLANG_WARN_STRICT_PROTOTYPES = YES;
				CLANG_WARN_SUSPICIOUS_MOVE = YES;
				CLANG_WARN_UNGUARDED_AVAILABILITY = YES_AGGRESSIVE;
				CLANG_WARN_UNREACHABLE_CODE = YES;
				CLANG_WARN__DUPLICATE_METHOD_MATCH = YES;
				COPY_PHASE_STRIP = NO;
				DEBUG_INFORMATION_FORMAT = dwarf;
				ENABLE_STRICT_OBJC_MSGSEND = YES;
				ENABLE_TESTABILITY = YES;
				GCC_C_LANGUAGE_STANDARD = gnu11;
				GCC_DYNAMIC_NO_PIC = NO;
				GCC_NO_COMMON_BLOCKS = YES;
				GCC_OPTIMIZATION_LEVEL = 0;
				GCC_PREPROCESSOR_DEFINITIONS = (
					"DEBUG=1",
					"$(inherited)",
				);
				GCC_WARN_64_TO_32_BIT_CONVERSION = YES;
				GCC_WARN_ABOUT_RETURN_TYPE = YES_ERROR;
				GCC_WARN_UNDECLARED_SELECTOR = YES;
				GCC_WARN_UNINITIALIZED_AUTOS = YES_AGGRESSIVE;
				GCC_WARN_UNUSED_FUNCTION = YES;
				GCC_WARN_UNUSED_VARIABLE = YES;
				IPHONEOS_DEPLOYMENT_TARGET = 15.5;
				MTL_ENABLE_DEBUG_INFO = INCLUDE_SOURCE;
				MTL_FAST_MATH = YES;
				ONLY_ACTIVE_ARCH = YES;
				SDKROOT = iphoneos;
				SWIFT_ACTIVE_COMPILATION_CONDITIONS = DEBUG;
				SWIFT_OPTIMIZATION_LEVEL = "-Onone";
			};
			name = Debug;
		};
		EFD4E5792856B5DC00782F11 /* Release */ = {
			isa = XCBuildConfiguration;
			buildSettings = {
				ALWAYS_SEARCH_USER_PATHS = NO;
				CLANG_ANALYZER_NONNULL = YES;
				CLANG_ANALYZER_NUMBER_OBJECT_CONVERSION = YES_AGGRESSIVE;
				CLANG_CXX_LANGUAGE_STANDARD = "gnu++17";
				CLANG_ENABLE_MODULES = YES;
				CLANG_ENABLE_OBJC_ARC = YES;
				CLANG_ENABLE_OBJC_WEAK = YES;
				CLANG_WARN_BLOCK_CAPTURE_AUTORELEASING = YES;
				CLANG_WARN_BOOL_CONVERSION = YES;
				CLANG_WARN_COMMA = YES;
				CLANG_WARN_CONSTANT_CONVERSION = YES;
				CLANG_WARN_DEPRECATED_OBJC_IMPLEMENTATIONS = YES;
				CLANG_WARN_DIRECT_OBJC_ISA_USAGE = YES_ERROR;
				CLANG_WARN_DOCUMENTATION_COMMENTS = YES;
				CLANG_WARN_EMPTY_BODY = YES;
				CLANG_WARN_ENUM_CONVERSION = YES;
				CLANG_WARN_INFINITE_RECURSION = YES;
				CLANG_WARN_INT_CONVERSION = YES;
				CLANG_WARN_NON_LITERAL_NULL_CONVERSION = YES;
				CLANG_WARN_OBJC_IMPLICIT_RETAIN_SELF = YES;
				CLANG_WARN_OBJC_LITERAL_CONVERSION = YES;
				CLANG_WARN_OBJC_ROOT_CLASS = YES_ERROR;
				CLANG_WARN_QUOTED_INCLUDE_IN_FRAMEWORK_HEADER = YES;
				CLANG_WARN_RANGE_LOOP_ANALYSIS = YES;
				CLANG_WARN_STRICT_PROTOTYPES = YES;
				CLANG_WARN_SUSPICIOUS_MOVE = YES;
				CLANG_WARN_UNGUARDED_AVAILABILITY = YES_AGGRESSIVE;
				CLANG_WARN_UNREACHABLE_CODE = YES;
				CLANG_WARN__DUPLICATE_METHOD_MATCH = YES;
				COPY_PHASE_STRIP = NO;
				DEBUG_INFORMATION_FORMAT = "dwarf-with-dsym";
				ENABLE_NS_ASSERTIONS = NO;
				ENABLE_STRICT_OBJC_MSGSEND = YES;
				GCC_C_LANGUAGE_STANDARD = gnu11;
				GCC_NO_COMMON_BLOCKS = YES;
				GCC_WARN_64_TO_32_BIT_CONVERSION = YES;
				GCC_WARN_ABOUT_RETURN_TYPE = YES_ERROR;
				GCC_WARN_UNDECLARED_SELECTOR = YES;
				GCC_WARN_UNINITIALIZED_AUTOS = YES_AGGRESSIVE;
				GCC_WARN_UNUSED_FUNCTION = YES;
				GCC_WARN_UNUSED_VARIABLE = YES;
				IPHONEOS_DEPLOYMENT_TARGET = 15.5;
				MTL_ENABLE_DEBUG_INFO = NO;
				MTL_FAST_MATH = YES;
				SDKROOT = iphoneos;
				SWIFT_COMPILATION_MODE = wholemodule;
				SWIFT_OPTIMIZATION_LEVEL = "-O";
				VALIDATE_PRODUCT = YES;
			};
			name = Release;
		};
		EFD4E57B2856B5DC00782F11 /* Debug */ = {
			isa = XCBuildConfiguration;
			baseConfigurationReference = 0F61B0C6FD54CB1AC6AA7548 /* Pods-TwitterSwiftUI.debug.xcconfig */;
			buildSettings = {
				ASSETCATALOG_COMPILER_APPICON_NAME = AppIcon;
				ASSETCATALOG_COMPILER_GLOBAL_ACCENT_COLOR_NAME = AccentColor;
				CODE_SIGN_STYLE = Automatic;
				CURRENT_PROJECT_VERSION = 1;
				DEVELOPMENT_ASSET_PATHS = "\"TwitterSwiftUI/Preview Content\"";
				DEVELOPMENT_TEAM = SRT47ZQ7D8;
				ENABLE_PREVIEWS = YES;
				GENERATE_INFOPLIST_FILE = YES;
				INFOPLIST_KEY_UIApplicationSceneManifest_Generation = YES;
				INFOPLIST_KEY_UIApplicationSupportsIndirectInputEvents = YES;
				INFOPLIST_KEY_UILaunchScreen_Generation = YES;
				INFOPLIST_KEY_UISupportedInterfaceOrientations_iPad = "UIInterfaceOrientationPortrait UIInterfaceOrientationPortraitUpsideDown UIInterfaceOrientationLandscapeLeft UIInterfaceOrientationLandscapeRight";
				INFOPLIST_KEY_UISupportedInterfaceOrientations_iPhone = "UIInterfaceOrientationPortrait UIInterfaceOrientationLandscapeLeft UIInterfaceOrientationLandscapeRight";
				LD_RUNPATH_SEARCH_PATHS = (
					"$(inherited)",
					"@executable_path/Frameworks",
				);
				MARKETING_VERSION = 1.0;
				PRODUCT_BUNDLE_IDENTIFIER = cliftonia.TwitterSwiftUI;
				PRODUCT_NAME = "$(TARGET_NAME)";
				SWIFT_EMIT_LOC_STRINGS = YES;
				SWIFT_VERSION = 5.0;
				TARGETED_DEVICE_FAMILY = "1,2";
			};
			name = Debug;
		};
		EFD4E57C2856B5DC00782F11 /* Release */ = {
			isa = XCBuildConfiguration;
			baseConfigurationReference = 6A52097FCC1AB024C19186B7 /* Pods-TwitterSwiftUI.release.xcconfig */;
			buildSettings = {
				ASSETCATALOG_COMPILER_APPICON_NAME = AppIcon;
				ASSETCATALOG_COMPILER_GLOBAL_ACCENT_COLOR_NAME = AccentColor;
				CODE_SIGN_STYLE = Automatic;
				CURRENT_PROJECT_VERSION = 1;
				DEVELOPMENT_ASSET_PATHS = "\"TwitterSwiftUI/Preview Content\"";
				DEVELOPMENT_TEAM = SRT47ZQ7D8;
				ENABLE_PREVIEWS = YES;
				GENERATE_INFOPLIST_FILE = YES;
				INFOPLIST_KEY_UIApplicationSceneManifest_Generation = YES;
				INFOPLIST_KEY_UIApplicationSupportsIndirectInputEvents = YES;
				INFOPLIST_KEY_UILaunchScreen_Generation = YES;
				INFOPLIST_KEY_UISupportedInterfaceOrientations_iPad = "UIInterfaceOrientationPortrait UIInterfaceOrientationPortraitUpsideDown UIInterfaceOrientationLandscapeLeft UIInterfaceOrientationLandscapeRight";
				INFOPLIST_KEY_UISupportedInterfaceOrientations_iPhone = "UIInterfaceOrientationPortrait UIInterfaceOrientationLandscapeLeft UIInterfaceOrientationLandscapeRight";
				LD_RUNPATH_SEARCH_PATHS = (
					"$(inherited)",
					"@executable_path/Frameworks",
				);
				MARKETING_VERSION = 1.0;
				PRODUCT_BUNDLE_IDENTIFIER = cliftonia.TwitterSwiftUI;
				PRODUCT_NAME = "$(TARGET_NAME)";
				SWIFT_EMIT_LOC_STRINGS = YES;
				SWIFT_VERSION = 5.0;
				TARGETED_DEVICE_FAMILY = "1,2";
			};
			name = Release;
		};
		EFD4E57E2856B5DC00782F11 /* Debug */ = {
			isa = XCBuildConfiguration;
			baseConfigurationReference = 898B2D5A8250E3B0E19BBE1C /* Pods-TwitterSwiftUITests.debug.xcconfig */;
			buildSettings = {
				ALWAYS_EMBED_SWIFT_STANDARD_LIBRARIES = YES;
				BUNDLE_LOADER = "$(TEST_HOST)";
				CODE_SIGN_STYLE = Automatic;
				CURRENT_PROJECT_VERSION = 1;
				DEVELOPMENT_TEAM = SRT47ZQ7D8;
				GENERATE_INFOPLIST_FILE = YES;
				IPHONEOS_DEPLOYMENT_TARGET = 15.5;
				MARKETING_VERSION = 1.0;
				PRODUCT_BUNDLE_IDENTIFIER = cliftonia.TwitterSwiftUITests;
				PRODUCT_NAME = "$(TARGET_NAME)";
				SWIFT_EMIT_LOC_STRINGS = NO;
				SWIFT_VERSION = 5.0;
				TARGETED_DEVICE_FAMILY = "1,2";
				TEST_HOST = "$(BUILT_PRODUCTS_DIR)/TwitterSwiftUI.app/TwitterSwiftUI";
			};
			name = Debug;
		};
		EFD4E57F2856B5DC00782F11 /* Release */ = {
			isa = XCBuildConfiguration;
			baseConfigurationReference = 3857ABBD1B46657103F3AA7B /* Pods-TwitterSwiftUITests.release.xcconfig */;
			buildSettings = {
				ALWAYS_EMBED_SWIFT_STANDARD_LIBRARIES = YES;
				BUNDLE_LOADER = "$(TEST_HOST)";
				CODE_SIGN_STYLE = Automatic;
				CURRENT_PROJECT_VERSION = 1;
				DEVELOPMENT_TEAM = SRT47ZQ7D8;
				GENERATE_INFOPLIST_FILE = YES;
				IPHONEOS_DEPLOYMENT_TARGET = 15.5;
				MARKETING_VERSION = 1.0;
				PRODUCT_BUNDLE_IDENTIFIER = cliftonia.TwitterSwiftUITests;
				PRODUCT_NAME = "$(TARGET_NAME)";
				SWIFT_EMIT_LOC_STRINGS = NO;
				SWIFT_VERSION = 5.0;
				TARGETED_DEVICE_FAMILY = "1,2";
				TEST_HOST = "$(BUILT_PRODUCTS_DIR)/TwitterSwiftUI.app/TwitterSwiftUI";
			};
			name = Release;
		};
		EFD4E5812856B5DC00782F11 /* Debug */ = {
			isa = XCBuildConfiguration;
			baseConfigurationReference = 53B972AE6628ED83621C72AD /* Pods-TwitterSwiftUI-TwitterSwiftUIUITests.debug.xcconfig */;
			buildSettings = {
				ALWAYS_EMBED_SWIFT_STANDARD_LIBRARIES = YES;
				CODE_SIGN_STYLE = Automatic;
				CURRENT_PROJECT_VERSION = 1;
				DEVELOPMENT_TEAM = SRT47ZQ7D8;
				GENERATE_INFOPLIST_FILE = YES;
				MARKETING_VERSION = 1.0;
				PRODUCT_BUNDLE_IDENTIFIER = cliftonia.TwitterSwiftUIUITests;
				PRODUCT_NAME = "$(TARGET_NAME)";
				SWIFT_EMIT_LOC_STRINGS = NO;
				SWIFT_VERSION = 5.0;
				TARGETED_DEVICE_FAMILY = "1,2";
				TEST_TARGET_NAME = TwitterSwiftUI;
			};
			name = Debug;
		};
		EFD4E5822856B5DC00782F11 /* Release */ = {
			isa = XCBuildConfiguration;
			baseConfigurationReference = CDE8290BAD5274A9AD49738D /* Pods-TwitterSwiftUI-TwitterSwiftUIUITests.release.xcconfig */;
			buildSettings = {
				ALWAYS_EMBED_SWIFT_STANDARD_LIBRARIES = YES;
				CODE_SIGN_STYLE = Automatic;
				CURRENT_PROJECT_VERSION = 1;
				DEVELOPMENT_TEAM = SRT47ZQ7D8;
				GENERATE_INFOPLIST_FILE = YES;
				MARKETING_VERSION = 1.0;
				PRODUCT_BUNDLE_IDENTIFIER = cliftonia.TwitterSwiftUIUITests;
				PRODUCT_NAME = "$(TARGET_NAME)";
				SWIFT_EMIT_LOC_STRINGS = NO;
				SWIFT_VERSION = 5.0;
				TARGETED_DEVICE_FAMILY = "1,2";
				TEST_TARGET_NAME = TwitterSwiftUI;
			};
			name = Release;
		};
/* End XCBuildConfiguration section */

/* Begin XCConfigurationList section */
		EFD4E5512856B5DA00782F11 /* Build configuration list for PBXProject "TwitterSwiftUI" */ = {
			isa = XCConfigurationList;
			buildConfigurations = (
				EFD4E5782856B5DC00782F11 /* Debug */,
				EFD4E5792856B5DC00782F11 /* Release */,
			);
			defaultConfigurationIsVisible = 0;
			defaultConfigurationName = Release;
		};
		EFD4E57A2856B5DC00782F11 /* Build configuration list for PBXNativeTarget "TwitterSwiftUI" */ = {
			isa = XCConfigurationList;
			buildConfigurations = (
				EFD4E57B2856B5DC00782F11 /* Debug */,
				EFD4E57C2856B5DC00782F11 /* Release */,
			);
			defaultConfigurationIsVisible = 0;
			defaultConfigurationName = Release;
		};
		EFD4E57D2856B5DC00782F11 /* Build configuration list for PBXNativeTarget "TwitterSwiftUITests" */ = {
			isa = XCConfigurationList;
			buildConfigurations = (
				EFD4E57E2856B5DC00782F11 /* Debug */,
				EFD4E57F2856B5DC00782F11 /* Release */,
			);
			defaultConfigurationIsVisible = 0;
			defaultConfigurationName = Release;
		};
		EFD4E5802856B5DC00782F11 /* Build configuration list for PBXNativeTarget "TwitterSwiftUIUITests" */ = {
			isa = XCConfigurationList;
			buildConfigurations = (
				EFD4E5812856B5DC00782F11 /* Debug */,
				EFD4E5822856B5DC00782F11 /* Release */,
			);
			defaultConfigurationIsVisible = 0;
			defaultConfigurationName = Release;
		};
/* End XCConfigurationList section */

/* Begin XCRemoteSwiftPackageReference section */
		1C4E122528A3665D00514A2D /* XCRemoteSwiftPackageReference "Kingfisher" */ = {
			isa = XCRemoteSwiftPackageReference;
			repositoryURL = "https://github.com/onevcat/Kingfisher.git";
			requirement = {
				kind = upToNextMajorVersion;
				minimumVersion = 7.0.0;
			};
		};
		1C863B4E2899E1B200723A6A /* XCRemoteSwiftPackageReference "SwiftlySalesforce" */ = {
			isa = XCRemoteSwiftPackageReference;
			repositoryURL = "https://github.com/mike4aday/SwiftlySalesforce";
			requirement = {
				branch = master;
				kind = branch;
			};
		};
		1C9031D7287BA4550038AEB9 /* XCRemoteSwiftPackageReference "firebase-ios-sdk" */ = {
			isa = XCRemoteSwiftPackageReference;
			repositoryURL = "https://github.com/firebase/firebase-ios-sdk";
			requirement = {
				branch = master;
				kind = branch;
			};
		};
/* End XCRemoteSwiftPackageReference section */

/* Begin XCSwiftPackageProductDependency section */
		1C4E122628A3665D00514A2D /* Kingfisher */ = {
			isa = XCSwiftPackageProductDependency;
			package = 1C4E122528A3665D00514A2D /* XCRemoteSwiftPackageReference "Kingfisher" */;
			productName = Kingfisher;
		};
		1C863B4F2899E1B200723A6A /* SwiftlySalesforce */ = {
			isa = XCSwiftPackageProductDependency;
			package = 1C863B4E2899E1B200723A6A /* XCRemoteSwiftPackageReference "SwiftlySalesforce" */;
			productName = SwiftlySalesforce;
		};
		1C9031D8287BA4550038AEB9 /* FirebaseAuth */ = {
			isa = XCSwiftPackageProductDependency;
			package = 1C9031D7287BA4550038AEB9 /* XCRemoteSwiftPackageReference "firebase-ios-sdk" */;
			productName = FirebaseAuth;
		};
		1C9031DA287BA4550038AEB9 /* FirebaseFirestore */ = {
			isa = XCSwiftPackageProductDependency;
			package = 1C9031D7287BA4550038AEB9 /* XCRemoteSwiftPackageReference "firebase-ios-sdk" */;
			productName = FirebaseFirestore;
		};
		1C9031DC287BA4550038AEB9 /* FirebaseFirestoreSwift */ = {
			isa = XCSwiftPackageProductDependency;
			package = 1C9031D7287BA4550038AEB9 /* XCRemoteSwiftPackageReference "firebase-ios-sdk" */;
			productName = FirebaseFirestoreSwift;
		};
		1C9031DE287BA4550038AEB9 /* FirebaseStorage */ = {
			isa = XCSwiftPackageProductDependency;
			package = 1C9031D7287BA4550038AEB9 /* XCRemoteSwiftPackageReference "firebase-ios-sdk" */;
			productName = FirebaseStorage;
		};
		1CE8F5002892202A009EF22B /* FirebaseAnalytics */ = {
			isa = XCSwiftPackageProductDependency;
			package = 1C9031D7287BA4550038AEB9 /* XCRemoteSwiftPackageReference "firebase-ios-sdk" */;
			productName = FirebaseAnalytics;
		};
		1CE8F5022892202A009EF22B /* FirebaseAnalyticsOnDeviceConversion */ = {
			isa = XCSwiftPackageProductDependency;
			package = 1C9031D7287BA4550038AEB9 /* XCRemoteSwiftPackageReference "firebase-ios-sdk" */;
			productName = FirebaseAnalyticsOnDeviceConversion;
		};
		1CE8F5042892202A009EF22B /* FirebaseAnalyticsSwift */ = {
			isa = XCSwiftPackageProductDependency;
			package = 1C9031D7287BA4550038AEB9 /* XCRemoteSwiftPackageReference "firebase-ios-sdk" */;
			productName = FirebaseAnalyticsSwift;
		};
		1CE8F5062892202A009EF22B /* FirebaseAnalyticsWithoutAdIdSupport */ = {
			isa = XCSwiftPackageProductDependency;
			package = 1C9031D7287BA4550038AEB9 /* XCRemoteSwiftPackageReference "firebase-ios-sdk" */;
			productName = FirebaseAnalyticsWithoutAdIdSupport;
		};
		1CE8F5082892202A009EF22B /* FirebaseAppCheck */ = {
			isa = XCSwiftPackageProductDependency;
			package = 1C9031D7287BA4550038AEB9 /* XCRemoteSwiftPackageReference "firebase-ios-sdk" */;
			productName = FirebaseAppCheck;
		};
		1CE8F50A2892202A009EF22B /* FirebaseAppDistribution-Beta */ = {
			isa = XCSwiftPackageProductDependency;
			package = 1C9031D7287BA4550038AEB9 /* XCRemoteSwiftPackageReference "firebase-ios-sdk" */;
			productName = "FirebaseAppDistribution-Beta";
		};
		1CE8F50C2892202A009EF22B /* FirebaseAuth */ = {
			isa = XCSwiftPackageProductDependency;
			package = 1C9031D7287BA4550038AEB9 /* XCRemoteSwiftPackageReference "firebase-ios-sdk" */;
			productName = FirebaseAuth;
		};
		1CE8F50E2892202A009EF22B /* FirebaseAuthCombine-Community */ = {
			isa = XCSwiftPackageProductDependency;
			package = 1C9031D7287BA4550038AEB9 /* XCRemoteSwiftPackageReference "firebase-ios-sdk" */;
			productName = "FirebaseAuthCombine-Community";
		};
		1CE8F5102892202A009EF22B /* FirebaseCrashlytics */ = {
			isa = XCSwiftPackageProductDependency;
			package = 1C9031D7287BA4550038AEB9 /* XCRemoteSwiftPackageReference "firebase-ios-sdk" */;
			productName = FirebaseCrashlytics;
		};
		1CE8F5122892202A009EF22B /* FirebaseDatabase */ = {
			isa = XCSwiftPackageProductDependency;
			package = 1C9031D7287BA4550038AEB9 /* XCRemoteSwiftPackageReference "firebase-ios-sdk" */;
			productName = FirebaseDatabase;
		};
		1CE8F5142892202A009EF22B /* FirebaseDatabaseSwift */ = {
			isa = XCSwiftPackageProductDependency;
			package = 1C9031D7287BA4550038AEB9 /* XCRemoteSwiftPackageReference "firebase-ios-sdk" */;
			productName = FirebaseDatabaseSwift;
		};
		1CE8F5162892202A009EF22B /* FirebaseDynamicLinks */ = {
			isa = XCSwiftPackageProductDependency;
			package = 1C9031D7287BA4550038AEB9 /* XCRemoteSwiftPackageReference "firebase-ios-sdk" */;
			productName = FirebaseDynamicLinks;
		};
		1CE8F5182892202A009EF22B /* FirebaseFirestore */ = {
			isa = XCSwiftPackageProductDependency;
			package = 1C9031D7287BA4550038AEB9 /* XCRemoteSwiftPackageReference "firebase-ios-sdk" */;
			productName = FirebaseFirestore;
		};
		1CE8F51A2892202A009EF22B /* FirebaseFirestoreCombine-Community */ = {
			isa = XCSwiftPackageProductDependency;
			package = 1C9031D7287BA4550038AEB9 /* XCRemoteSwiftPackageReference "firebase-ios-sdk" */;
			productName = "FirebaseFirestoreCombine-Community";
		};
		1CE8F51C2892202A009EF22B /* FirebaseFirestoreSwift */ = {
			isa = XCSwiftPackageProductDependency;
			package = 1C9031D7287BA4550038AEB9 /* XCRemoteSwiftPackageReference "firebase-ios-sdk" */;
			productName = FirebaseFirestoreSwift;
		};
		1CE8F51E2892202A009EF22B /* FirebaseFunctions */ = {
			isa = XCSwiftPackageProductDependency;
			package = 1C9031D7287BA4550038AEB9 /* XCRemoteSwiftPackageReference "firebase-ios-sdk" */;
			productName = FirebaseFunctions;
		};
		1CE8F5202892202A009EF22B /* FirebaseFunctionsCombine-Community */ = {
			isa = XCSwiftPackageProductDependency;
			package = 1C9031D7287BA4550038AEB9 /* XCRemoteSwiftPackageReference "firebase-ios-sdk" */;
			productName = "FirebaseFunctionsCombine-Community";
		};
		1CE8F5222892202A009EF22B /* FirebaseInAppMessaging-Beta */ = {
			isa = XCSwiftPackageProductDependency;
			package = 1C9031D7287BA4550038AEB9 /* XCRemoteSwiftPackageReference "firebase-ios-sdk" */;
			productName = "FirebaseInAppMessaging-Beta";
		};
		1CE8F5242892202A009EF22B /* FirebaseInAppMessagingSwift-Beta */ = {
			isa = XCSwiftPackageProductDependency;
			package = 1C9031D7287BA4550038AEB9 /* XCRemoteSwiftPackageReference "firebase-ios-sdk" */;
			productName = "FirebaseInAppMessagingSwift-Beta";
		};
		1CE8F5262892202A009EF22B /* FirebaseInstallations */ = {
			isa = XCSwiftPackageProductDependency;
			package = 1C9031D7287BA4550038AEB9 /* XCRemoteSwiftPackageReference "firebase-ios-sdk" */;
			productName = FirebaseInstallations;
		};
		1CE8F5282892202A009EF22B /* FirebaseMessaging */ = {
			isa = XCSwiftPackageProductDependency;
			package = 1C9031D7287BA4550038AEB9 /* XCRemoteSwiftPackageReference "firebase-ios-sdk" */;
			productName = FirebaseMessaging;
		};
		1CE8F52A2892202A009EF22B /* FirebaseMLModelDownloader */ = {
			isa = XCSwiftPackageProductDependency;
			package = 1C9031D7287BA4550038AEB9 /* XCRemoteSwiftPackageReference "firebase-ios-sdk" */;
			productName = FirebaseMLModelDownloader;
		};
		1CE8F52C2892202A009EF22B /* FirebasePerformance */ = {
			isa = XCSwiftPackageProductDependency;
			package = 1C9031D7287BA4550038AEB9 /* XCRemoteSwiftPackageReference "firebase-ios-sdk" */;
			productName = FirebasePerformance;
		};
		1CE8F52E2892202A009EF22B /* FirebaseRemoteConfig */ = {
			isa = XCSwiftPackageProductDependency;
			package = 1C9031D7287BA4550038AEB9 /* XCRemoteSwiftPackageReference "firebase-ios-sdk" */;
			productName = FirebaseRemoteConfig;
		};
		1CE8F5302892202A009EF22B /* FirebaseRemoteConfigSwift */ = {
			isa = XCSwiftPackageProductDependency;
			package = 1C9031D7287BA4550038AEB9 /* XCRemoteSwiftPackageReference "firebase-ios-sdk" */;
			productName = FirebaseRemoteConfigSwift;
		};
		1CE8F5322892202A009EF22B /* FirebaseStorage */ = {
			isa = XCSwiftPackageProductDependency;
			package = 1C9031D7287BA4550038AEB9 /* XCRemoteSwiftPackageReference "firebase-ios-sdk" */;
			productName = FirebaseStorage;
		};
		1CE8F5342892202A009EF22B /* FirebaseStorageCombine-Community */ = {
			isa = XCSwiftPackageProductDependency;
			package = 1C9031D7287BA4550038AEB9 /* XCRemoteSwiftPackageReference "firebase-ios-sdk" */;
			productName = "FirebaseStorageCombine-Community";
		};
/* End XCSwiftPackageProductDependency section */
	};
	rootObject = EFD4E54E2856B5DA00782F11 /* Project object */;
}
